// !$*UTF8*$!
{
	archiveVersion = 1;
	classes = {
	};
	objectVersion = 46;
	objects = {

/* Begin PBXBuildFile section */
		0D31726B1B64B0D400D20B5E /* AppDelegate.swift in Sources */ = {isa = PBXBuildFile; fileRef = 0D31726A1B64B0D400D20B5E /* AppDelegate.swift */; };
		0D31726D1B64B0D400D20B5E /* ViewController.swift in Sources */ = {isa = PBXBuildFile; fileRef = 0D31726C1B64B0D400D20B5E /* ViewController.swift */; };
		0D3172701B64B0D400D20B5E /* Main.storyboard in Resources */ = {isa = PBXBuildFile; fileRef = 0D31726E1B64B0D400D20B5E /* Main.storyboard */; };
		0D3172721B64B0D400D20B5E /* Assets.xcassets in Resources */ = {isa = PBXBuildFile; fileRef = 0D3172711B64B0D400D20B5E /* Assets.xcassets */; };
		0D3172751B64B0D400D20B5E /* LaunchScreen.storyboard in Resources */ = {isa = PBXBuildFile; fileRef = 0D3172731B64B0D400D20B5E /* LaunchScreen.storyboard */; };
		0D31727A1B64B0D400D20B5E /* WatchKit2-Sample-Picker WatchKit App.app in Embed Watch Content */ = {isa = PBXBuildFile; fileRef = 0D3172791B64B0D400D20B5E /* WatchKit2-Sample-Picker WatchKit App.app */; };
		0D3172801B64B0D400D20B5E /* Interface.storyboard in Resources */ = {isa = PBXBuildFile; fileRef = 0D31727E1B64B0D400D20B5E /* Interface.storyboard */; };
		0D3172821B64B0D400D20B5E /* Assets.xcassets in Resources */ = {isa = PBXBuildFile; fileRef = 0D3172811B64B0D400D20B5E /* Assets.xcassets */; };
		0D3172891B64B0D400D20B5E /* WatchKit2-Sample-Picker WatchKit Extension.appex in Embed App Extensions */ = {isa = PBXBuildFile; fileRef = 0D3172881B64B0D400D20B5E /* WatchKit2-Sample-Picker WatchKit Extension.appex */; settings = {ATTRIBUTES = (RemoveHeadersOnCopy, ); }; };
		0D31728E1B64B0D400D20B5E /* ListPcikerInterfaceController.swift in Sources */ = {isa = PBXBuildFile; fileRef = 0D31728D1B64B0D400D20B5E /* ListPcikerInterfaceController.swift */; };
		0D3172901B64B0D400D20B5E /* ExtensionDelegate.swift in Sources */ = {isa = PBXBuildFile; fileRef = 0D31728F1B64B0D400D20B5E /* ExtensionDelegate.swift */; };
		0D3172921B64B0D400D20B5E /* Assets.xcassets in Resources */ = {isa = PBXBuildFile; fileRef = 0D3172911B64B0D400D20B5E /* Assets.xcassets */; };
		0D3173E71B64BADD00D20B5E /* StackPickerInterfaceController.swift in Sources */ = {isa = PBXBuildFile; fileRef = 0D3173E61B64BADD00D20B5E /* StackPickerInterfaceController.swift */; };
		0D3173EC1B64C06C00D20B5E /* background.png in Resources */ = {isa = PBXBuildFile; fileRef = 0D3173EB1B64C06C00D20B5E /* background.png */; };
		0D3173ED1B64C06C00D20B5E /* background.png in Resources */ = {isa = PBXBuildFile; fileRef = 0D3173EB1B64C06C00D20B5E /* background.png */; };
		0D3173EF1B64C14800D20B5E /* shape1.png in Resources */ = {isa = PBXBuildFile; fileRef = 0D3173EE1B64C14800D20B5E /* shape1.png */; };
		0D3173F01B64C14800D20B5E /* shape1.png in Resources */ = {isa = PBXBuildFile; fileRef = 0D3173EE1B64C14800D20B5E /* shape1.png */; };
		0D31745A1B64C4A600D20B5E /* shape2.png in Resources */ = {isa = PBXBuildFile; fileRef = 0D3173F11B64C4A600D20B5E /* shape2.png */; };
		0D31745B1B64C4A600D20B5E /* shape2.png in Resources */ = {isa = PBXBuildFile; fileRef = 0D3173F11B64C4A600D20B5E /* shape2.png */; };
		0D31745C1B64C4A600D20B5E /* shape3.png in Resources */ = {isa = PBXBuildFile; fileRef = 0D3173F21B64C4A600D20B5E /* shape3.png */; };
		0D31745D1B64C4A600D20B5E /* shape3.png in Resources */ = {isa = PBXBuildFile; fileRef = 0D3173F21B64C4A600D20B5E /* shape3.png */; };
		0D31745E1B64C4A600D20B5E /* shape4.png in Resources */ = {isa = PBXBuildFile; fileRef = 0D3173F31B64C4A600D20B5E /* shape4.png */; };
		0D31745F1B64C4A600D20B5E /* shape4.png in Resources */ = {isa = PBXBuildFile; fileRef = 0D3173F31B64C4A600D20B5E /* shape4.png */; };
		0D3174601B64C4A600D20B5E /* shape5.png in Resources */ = {isa = PBXBuildFile; fileRef = 0D3173F41B64C4A600D20B5E /* shape5.png */; };
		0D3174611B64C4A600D20B5E /* shape5.png in Resources */ = {isa = PBXBuildFile; fileRef = 0D3173F41B64C4A600D20B5E /* shape5.png */; };
		0D3174621B64C4A600D20B5E /* status0.png in Resources */ = {isa = PBXBuildFile; fileRef = 0D3173F51B64C4A600D20B5E /* status0.png */; };
		0D3174631B64C4A600D20B5E /* status0.png in Resources */ = {isa = PBXBuildFile; fileRef = 0D3173F51B64C4A600D20B5E /* status0.png */; };
		0D3174641B64C4A600D20B5E /* status1.png in Resources */ = {isa = PBXBuildFile; fileRef = 0D3173F61B64C4A600D20B5E /* status1.png */; };
		0D3174651B64C4A600D20B5E /* status1.png in Resources */ = {isa = PBXBuildFile; fileRef = 0D3173F61B64C4A600D20B5E /* status1.png */; };
		0D3174661B64C4A600D20B5E /* status2.png in Resources */ = {isa = PBXBuildFile; fileRef = 0D3173F71B64C4A600D20B5E /* status2.png */; };
		0D3174671B64C4A600D20B5E /* status2.png in Resources */ = {isa = PBXBuildFile; fileRef = 0D3173F71B64C4A600D20B5E /* status2.png */; };
		0D3174681B64C4A600D20B5E /* status3.png in Resources */ = {isa = PBXBuildFile; fileRef = 0D3173F81B64C4A600D20B5E /* status3.png */; };
		0D3174691B64C4A600D20B5E /* status3.png in Resources */ = {isa = PBXBuildFile; fileRef = 0D3173F81B64C4A600D20B5E /* status3.png */; };
		0D31746A1B64C4A600D20B5E /* status4.png in Resources */ = {isa = PBXBuildFile; fileRef = 0D3173F91B64C4A600D20B5E /* status4.png */; };
		0D31746B1B64C4A600D20B5E /* status4.png in Resources */ = {isa = PBXBuildFile; fileRef = 0D3173F91B64C4A600D20B5E /* status4.png */; };
		0D31746C1B64C4A600D20B5E /* status5.png in Resources */ = {isa = PBXBuildFile; fileRef = 0D3173FA1B64C4A600D20B5E /* status5.png */; };
		0D31746D1B64C4A600D20B5E /* status5.png in Resources */ = {isa = PBXBuildFile; fileRef = 0D3173FA1B64C4A600D20B5E /* status5.png */; };
		0D31746E1B64C4A600D20B5E /* status6.png in Resources */ = {isa = PBXBuildFile; fileRef = 0D3173FB1B64C4A600D20B5E /* status6.png */; };
		0D31746F1B64C4A600D20B5E /* status6.png in Resources */ = {isa = PBXBuildFile; fileRef = 0D3173FB1B64C4A600D20B5E /* status6.png */; };
		0D3174701B64C4A600D20B5E /* status7.png in Resources */ = {isa = PBXBuildFile; fileRef = 0D3173FC1B64C4A600D20B5E /* status7.png */; };
		0D3174711B64C4A600D20B5E /* status7.png in Resources */ = {isa = PBXBuildFile; fileRef = 0D3173FC1B64C4A600D20B5E /* status7.png */; };
		0D3174721B64C4A600D20B5E /* status8.png in Resources */ = {isa = PBXBuildFile; fileRef = 0D3173FD1B64C4A600D20B5E /* status8.png */; };
		0D3174731B64C4A600D20B5E /* status8.png in Resources */ = {isa = PBXBuildFile; fileRef = 0D3173FD1B64C4A600D20B5E /* status8.png */; };
		0D3174741B64C4A600D20B5E /* status9.png in Resources */ = {isa = PBXBuildFile; fileRef = 0D3173FE1B64C4A600D20B5E /* status9.png */; };
		0D3174751B64C4A600D20B5E /* status9.png in Resources */ = {isa = PBXBuildFile; fileRef = 0D3173FE1B64C4A600D20B5E /* status9.png */; };
		0D3174761B64C4A600D20B5E /* status10.png in Resources */ = {isa = PBXBuildFile; fileRef = 0D3173FF1B64C4A600D20B5E /* status10.png */; };
		0D3174771B64C4A600D20B5E /* status10.png in Resources */ = {isa = PBXBuildFile; fileRef = 0D3173FF1B64C4A600D20B5E /* status10.png */; };
		0D3174781B64C4A600D20B5E /* status11.png in Resources */ = {isa = PBXBuildFile; fileRef = 0D3174001B64C4A600D20B5E /* status11.png */; };
		0D3174791B64C4A600D20B5E /* status11.png in Resources */ = {isa = PBXBuildFile; fileRef = 0D3174001B64C4A600D20B5E /* status11.png */; };
		0D31747A1B64C4A600D20B5E /* status12.png in Resources */ = {isa = PBXBuildFile; fileRef = 0D3174011B64C4A600D20B5E /* status12.png */; };
		0D31747B1B64C4A600D20B5E /* status12.png in Resources */ = {isa = PBXBuildFile; fileRef = 0D3174011B64C4A600D20B5E /* status12.png */; };
		0D31747C1B64C4A600D20B5E /* status13.png in Resources */ = {isa = PBXBuildFile; fileRef = 0D3174021B64C4A600D20B5E /* status13.png */; };
		0D31747D1B64C4A600D20B5E /* status13.png in Resources */ = {isa = PBXBuildFile; fileRef = 0D3174021B64C4A600D20B5E /* status13.png */; };
		0D31747E1B64C4A600D20B5E /* status14.png in Resources */ = {isa = PBXBuildFile; fileRef = 0D3174031B64C4A600D20B5E /* status14.png */; };
		0D31747F1B64C4A600D20B5E /* status14.png in Resources */ = {isa = PBXBuildFile; fileRef = 0D3174031B64C4A600D20B5E /* status14.png */; };
		0D3174801B64C4A600D20B5E /* status15.png in Resources */ = {isa = PBXBuildFile; fileRef = 0D3174041B64C4A600D20B5E /* status15.png */; };
		0D3174811B64C4A600D20B5E /* status15.png in Resources */ = {isa = PBXBuildFile; fileRef = 0D3174041B64C4A600D20B5E /* status15.png */; };
		0D3174821B64C4A600D20B5E /* status16.png in Resources */ = {isa = PBXBuildFile; fileRef = 0D3174051B64C4A600D20B5E /* status16.png */; };
		0D3174831B64C4A600D20B5E /* status16.png in Resources */ = {isa = PBXBuildFile; fileRef = 0D3174051B64C4A600D20B5E /* status16.png */; };
		0D3174841B64C4A600D20B5E /* status17.png in Resources */ = {isa = PBXBuildFile; fileRef = 0D3174061B64C4A600D20B5E /* status17.png */; };
		0D3174851B64C4A600D20B5E /* status17.png in Resources */ = {isa = PBXBuildFile; fileRef = 0D3174061B64C4A600D20B5E /* status17.png */; };
		0D3174861B64C4A600D20B5E /* status18.png in Resources */ = {isa = PBXBuildFile; fileRef = 0D3174071B64C4A600D20B5E /* status18.png */; };
		0D3174871B64C4A600D20B5E /* status18.png in Resources */ = {isa = PBXBuildFile; fileRef = 0D3174071B64C4A600D20B5E /* status18.png */; };
		0D3174881B64C4A600D20B5E /* status19.png in Resources */ = {isa = PBXBuildFile; fileRef = 0D3174081B64C4A600D20B5E /* status19.png */; };
		0D3174891B64C4A600D20B5E /* status19.png in Resources */ = {isa = PBXBuildFile; fileRef = 0D3174081B64C4A600D20B5E /* status19.png */; };
		0D31748A1B64C4A600D20B5E /* status20.png in Resources */ = {isa = PBXBuildFile; fileRef = 0D3174091B64C4A600D20B5E /* status20.png */; };
		0D31748B1B64C4A600D20B5E /* status20.png in Resources */ = {isa = PBXBuildFile; fileRef = 0D3174091B64C4A600D20B5E /* status20.png */; };
		0D31748C1B64C4A600D20B5E /* status21.png in Resources */ = {isa = PBXBuildFile; fileRef = 0D31740A1B64C4A600D20B5E /* status21.png */; };
		0D31748D1B64C4A600D20B5E /* status21.png in Resources */ = {isa = PBXBuildFile; fileRef = 0D31740A1B64C4A600D20B5E /* status21.png */; };
		0D31748E1B64C4A600D20B5E /* status22.png in Resources */ = {isa = PBXBuildFile; fileRef = 0D31740B1B64C4A600D20B5E /* status22.png */; };
		0D31748F1B64C4A600D20B5E /* status22.png in Resources */ = {isa = PBXBuildFile; fileRef = 0D31740B1B64C4A600D20B5E /* status22.png */; };
		0D3174901B64C4A600D20B5E /* status23.png in Resources */ = {isa = PBXBuildFile; fileRef = 0D31740C1B64C4A600D20B5E /* status23.png */; };
		0D3174911B64C4A600D20B5E /* status23.png in Resources */ = {isa = PBXBuildFile; fileRef = 0D31740C1B64C4A600D20B5E /* status23.png */; };
		0D3174921B64C4A600D20B5E /* status24.png in Resources */ = {isa = PBXBuildFile; fileRef = 0D31740D1B64C4A600D20B5E /* status24.png */; };
		0D3174931B64C4A600D20B5E /* status24.png in Resources */ = {isa = PBXBuildFile; fileRef = 0D31740D1B64C4A600D20B5E /* status24.png */; };
		0D3174941B64C4A600D20B5E /* status25.png in Resources */ = {isa = PBXBuildFile; fileRef = 0D31740E1B64C4A600D20B5E /* status25.png */; };
		0D3174951B64C4A600D20B5E /* status25.png in Resources */ = {isa = PBXBuildFile; fileRef = 0D31740E1B64C4A600D20B5E /* status25.png */; };
		0D3174961B64C4A600D20B5E /* status26.png in Resources */ = {isa = PBXBuildFile; fileRef = 0D31740F1B64C4A600D20B5E /* status26.png */; };
		0D3174971B64C4A600D20B5E /* status26.png in Resources */ = {isa = PBXBuildFile; fileRef = 0D31740F1B64C4A600D20B5E /* status26.png */; };
		0D3174981B64C4A600D20B5E /* status27.png in Resources */ = {isa = PBXBuildFile; fileRef = 0D3174101B64C4A600D20B5E /* status27.png */; };
		0D3174991B64C4A600D20B5E /* status27.png in Resources */ = {isa = PBXBuildFile; fileRef = 0D3174101B64C4A600D20B5E /* status27.png */; };
		0D31749A1B64C4A600D20B5E /* status28.png in Resources */ = {isa = PBXBuildFile; fileRef = 0D3174111B64C4A600D20B5E /* status28.png */; };
		0D31749B1B64C4A600D20B5E /* status28.png in Resources */ = {isa = PBXBuildFile; fileRef = 0D3174111B64C4A600D20B5E /* status28.png */; };
		0D31749C1B64C4A600D20B5E /* status29.png in Resources */ = {isa = PBXBuildFile; fileRef = 0D3174121B64C4A600D20B5E /* status29.png */; };
		0D31749D1B64C4A600D20B5E /* status29.png in Resources */ = {isa = PBXBuildFile; fileRef = 0D3174121B64C4A600D20B5E /* status29.png */; };
		0D31749E1B64C4A600D20B5E /* status30.png in Resources */ = {isa = PBXBuildFile; fileRef = 0D3174131B64C4A600D20B5E /* status30.png */; };
		0D31749F1B64C4A600D20B5E /* status30.png in Resources */ = {isa = PBXBuildFile; fileRef = 0D3174131B64C4A600D20B5E /* status30.png */; };
		0D3174A01B64C4A600D20B5E /* status31.png in Resources */ = {isa = PBXBuildFile; fileRef = 0D3174141B64C4A600D20B5E /* status31.png */; };
		0D3174A11B64C4A600D20B5E /* status31.png in Resources */ = {isa = PBXBuildFile; fileRef = 0D3174141B64C4A600D20B5E /* status31.png */; };
		0D3174A21B64C4A600D20B5E /* status32.png in Resources */ = {isa = PBXBuildFile; fileRef = 0D3174151B64C4A600D20B5E /* status32.png */; };
		0D3174A31B64C4A600D20B5E /* status32.png in Resources */ = {isa = PBXBuildFile; fileRef = 0D3174151B64C4A600D20B5E /* status32.png */; };
		0D3174A41B64C4A600D20B5E /* status33.png in Resources */ = {isa = PBXBuildFile; fileRef = 0D3174161B64C4A600D20B5E /* status33.png */; };
		0D3174A51B64C4A600D20B5E /* status33.png in Resources */ = {isa = PBXBuildFile; fileRef = 0D3174161B64C4A600D20B5E /* status33.png */; };
		0D3174A61B64C4A600D20B5E /* status34.png in Resources */ = {isa = PBXBuildFile; fileRef = 0D3174171B64C4A600D20B5E /* status34.png */; };
		0D3174A71B64C4A600D20B5E /* status34.png in Resources */ = {isa = PBXBuildFile; fileRef = 0D3174171B64C4A600D20B5E /* status34.png */; };
		0D3174A81B64C4A600D20B5E /* status35.png in Resources */ = {isa = PBXBuildFile; fileRef = 0D3174181B64C4A600D20B5E /* status35.png */; };
		0D3174A91B64C4A600D20B5E /* status35.png in Resources */ = {isa = PBXBuildFile; fileRef = 0D3174181B64C4A600D20B5E /* status35.png */; };
		0D3174AA1B64C4A600D20B5E /* status36.png in Resources */ = {isa = PBXBuildFile; fileRef = 0D3174191B64C4A600D20B5E /* status36.png */; };
		0D3174AB1B64C4A600D20B5E /* status36.png in Resources */ = {isa = PBXBuildFile; fileRef = 0D3174191B64C4A600D20B5E /* status36.png */; };
		0D3174AC1B64C4A600D20B5E /* status37.png in Resources */ = {isa = PBXBuildFile; fileRef = 0D31741A1B64C4A600D20B5E /* status37.png */; };
		0D3174AD1B64C4A600D20B5E /* status37.png in Resources */ = {isa = PBXBuildFile; fileRef = 0D31741A1B64C4A600D20B5E /* status37.png */; };
		0D3174AE1B64C4A600D20B5E /* status38.png in Resources */ = {isa = PBXBuildFile; fileRef = 0D31741B1B64C4A600D20B5E /* status38.png */; };
		0D3174AF1B64C4A600D20B5E /* status38.png in Resources */ = {isa = PBXBuildFile; fileRef = 0D31741B1B64C4A600D20B5E /* status38.png */; };
		0D3174B01B64C4A600D20B5E /* status39.png in Resources */ = {isa = PBXBuildFile; fileRef = 0D31741C1B64C4A600D20B5E /* status39.png */; };
		0D3174B11B64C4A600D20B5E /* status39.png in Resources */ = {isa = PBXBuildFile; fileRef = 0D31741C1B64C4A600D20B5E /* status39.png */; };
		0D3174B21B64C4A600D20B5E /* status40.png in Resources */ = {isa = PBXBuildFile; fileRef = 0D31741D1B64C4A600D20B5E /* status40.png */; };
		0D3174B31B64C4A600D20B5E /* status40.png in Resources */ = {isa = PBXBuildFile; fileRef = 0D31741D1B64C4A600D20B5E /* status40.png */; };
		0D3174B41B64C4A600D20B5E /* status41.png in Resources */ = {isa = PBXBuildFile; fileRef = 0D31741E1B64C4A600D20B5E /* status41.png */; };
		0D3174B51B64C4A600D20B5E /* status41.png in Resources */ = {isa = PBXBuildFile; fileRef = 0D31741E1B64C4A600D20B5E /* status41.png */; };
		0D3174B61B64C4A600D20B5E /* status42.png in Resources */ = {isa = PBXBuildFile; fileRef = 0D31741F1B64C4A600D20B5E /* status42.png */; };
		0D3174B71B64C4A600D20B5E /* status42.png in Resources */ = {isa = PBXBuildFile; fileRef = 0D31741F1B64C4A600D20B5E /* status42.png */; };
		0D3174B81B64C4A600D20B5E /* status43.png in Resources */ = {isa = PBXBuildFile; fileRef = 0D3174201B64C4A600D20B5E /* status43.png */; };
		0D3174B91B64C4A600D20B5E /* status43.png in Resources */ = {isa = PBXBuildFile; fileRef = 0D3174201B64C4A600D20B5E /* status43.png */; };
		0D3174BA1B64C4A600D20B5E /* status44.png in Resources */ = {isa = PBXBuildFile; fileRef = 0D3174211B64C4A600D20B5E /* status44.png */; };
		0D3174BB1B64C4A600D20B5E /* status44.png in Resources */ = {isa = PBXBuildFile; fileRef = 0D3174211B64C4A600D20B5E /* status44.png */; };
		0D3174BC1B64C4A600D20B5E /* status45.png in Resources */ = {isa = PBXBuildFile; fileRef = 0D3174221B64C4A600D20B5E /* status45.png */; };
		0D3174BD1B64C4A600D20B5E /* status45.png in Resources */ = {isa = PBXBuildFile; fileRef = 0D3174221B64C4A600D20B5E /* status45.png */; };
		0D3174BE1B64C4A600D20B5E /* status46.png in Resources */ = {isa = PBXBuildFile; fileRef = 0D3174231B64C4A600D20B5E /* status46.png */; };
		0D3174BF1B64C4A600D20B5E /* status46.png in Resources */ = {isa = PBXBuildFile; fileRef = 0D3174231B64C4A600D20B5E /* status46.png */; };
		0D3174C01B64C4A600D20B5E /* status47.png in Resources */ = {isa = PBXBuildFile; fileRef = 0D3174241B64C4A600D20B5E /* status47.png */; };
		0D3174C11B64C4A600D20B5E /* status47.png in Resources */ = {isa = PBXBuildFile; fileRef = 0D3174241B64C4A600D20B5E /* status47.png */; };
		0D3174C21B64C4A600D20B5E /* status48.png in Resources */ = {isa = PBXBuildFile; fileRef = 0D3174251B64C4A600D20B5E /* status48.png */; };
		0D3174C31B64C4A600D20B5E /* status48.png in Resources */ = {isa = PBXBuildFile; fileRef = 0D3174251B64C4A600D20B5E /* status48.png */; };
		0D3174C41B64C4A600D20B5E /* status49.png in Resources */ = {isa = PBXBuildFile; fileRef = 0D3174261B64C4A600D20B5E /* status49.png */; };
		0D3174C51B64C4A600D20B5E /* status49.png in Resources */ = {isa = PBXBuildFile; fileRef = 0D3174261B64C4A600D20B5E /* status49.png */; };
		0D3174C61B64C4A600D20B5E /* status50.png in Resources */ = {isa = PBXBuildFile; fileRef = 0D3174271B64C4A600D20B5E /* status50.png */; };
		0D3174C71B64C4A600D20B5E /* status50.png in Resources */ = {isa = PBXBuildFile; fileRef = 0D3174271B64C4A600D20B5E /* status50.png */; };
		0D3174C81B64C4A600D20B5E /* status51.png in Resources */ = {isa = PBXBuildFile; fileRef = 0D3174281B64C4A600D20B5E /* status51.png */; };
		0D3174C91B64C4A600D20B5E /* status51.png in Resources */ = {isa = PBXBuildFile; fileRef = 0D3174281B64C4A600D20B5E /* status51.png */; };
		0D3174CA1B64C4A600D20B5E /* status52.png in Resources */ = {isa = PBXBuildFile; fileRef = 0D3174291B64C4A600D20B5E /* status52.png */; };
		0D3174CB1B64C4A600D20B5E /* status52.png in Resources */ = {isa = PBXBuildFile; fileRef = 0D3174291B64C4A600D20B5E /* status52.png */; };
		0D3174CC1B64C4A600D20B5E /* status53.png in Resources */ = {isa = PBXBuildFile; fileRef = 0D31742A1B64C4A600D20B5E /* status53.png */; };
		0D3174CD1B64C4A600D20B5E /* status53.png in Resources */ = {isa = PBXBuildFile; fileRef = 0D31742A1B64C4A600D20B5E /* status53.png */; };
		0D3174CE1B64C4A600D20B5E /* status54.png in Resources */ = {isa = PBXBuildFile; fileRef = 0D31742B1B64C4A600D20B5E /* status54.png */; };
		0D3174CF1B64C4A600D20B5E /* status54.png in Resources */ = {isa = PBXBuildFile; fileRef = 0D31742B1B64C4A600D20B5E /* status54.png */; };
		0D3174D01B64C4A600D20B5E /* status55.png in Resources */ = {isa = PBXBuildFile; fileRef = 0D31742C1B64C4A600D20B5E /* status55.png */; };
		0D3174D11B64C4A600D20B5E /* status55.png in Resources */ = {isa = PBXBuildFile; fileRef = 0D31742C1B64C4A600D20B5E /* status55.png */; };
		0D3174D21B64C4A600D20B5E /* status56.png in Resources */ = {isa = PBXBuildFile; fileRef = 0D31742D1B64C4A600D20B5E /* status56.png */; };
		0D3174D31B64C4A600D20B5E /* status56.png in Resources */ = {isa = PBXBuildFile; fileRef = 0D31742D1B64C4A600D20B5E /* status56.png */; };
		0D3174D41B64C4A600D20B5E /* status57.png in Resources */ = {isa = PBXBuildFile; fileRef = 0D31742E1B64C4A600D20B5E /* status57.png */; };
		0D3174D51B64C4A600D20B5E /* status57.png in Resources */ = {isa = PBXBuildFile; fileRef = 0D31742E1B64C4A600D20B5E /* status57.png */; };
		0D3174D61B64C4A600D20B5E /* status58.png in Resources */ = {isa = PBXBuildFile; fileRef = 0D31742F1B64C4A600D20B5E /* status58.png */; };
		0D3174D71B64C4A600D20B5E /* status58.png in Resources */ = {isa = PBXBuildFile; fileRef = 0D31742F1B64C4A600D20B5E /* status58.png */; };
		0D3174D81B64C4A600D20B5E /* status59.png in Resources */ = {isa = PBXBuildFile; fileRef = 0D3174301B64C4A600D20B5E /* status59.png */; };
		0D3174D91B64C4A600D20B5E /* status59.png in Resources */ = {isa = PBXBuildFile; fileRef = 0D3174301B64C4A600D20B5E /* status59.png */; };
		0D3174DA1B64C4A600D20B5E /* status60.png in Resources */ = {isa = PBXBuildFile; fileRef = 0D3174311B64C4A600D20B5E /* status60.png */; };
		0D3174DB1B64C4A600D20B5E /* status60.png in Resources */ = {isa = PBXBuildFile; fileRef = 0D3174311B64C4A600D20B5E /* status60.png */; };
		0D3174DC1B64C4A600D20B5E /* status61.png in Resources */ = {isa = PBXBuildFile; fileRef = 0D3174321B64C4A600D20B5E /* status61.png */; };
		0D3174DD1B64C4A600D20B5E /* status61.png in Resources */ = {isa = PBXBuildFile; fileRef = 0D3174321B64C4A600D20B5E /* status61.png */; };
		0D3174DE1B64C4A600D20B5E /* status62.png in Resources */ = {isa = PBXBuildFile; fileRef = 0D3174331B64C4A600D20B5E /* status62.png */; };
		0D3174DF1B64C4A600D20B5E /* status62.png in Resources */ = {isa = PBXBuildFile; fileRef = 0D3174331B64C4A600D20B5E /* status62.png */; };
		0D3174E01B64C4A600D20B5E /* status63.png in Resources */ = {isa = PBXBuildFile; fileRef = 0D3174341B64C4A600D20B5E /* status63.png */; };
		0D3174E11B64C4A600D20B5E /* status63.png in Resources */ = {isa = PBXBuildFile; fileRef = 0D3174341B64C4A600D20B5E /* status63.png */; };
		0D3174E21B64C4A600D20B5E /* status64.png in Resources */ = {isa = PBXBuildFile; fileRef = 0D3174351B64C4A600D20B5E /* status64.png */; };
		0D3174E31B64C4A600D20B5E /* status64.png in Resources */ = {isa = PBXBuildFile; fileRef = 0D3174351B64C4A600D20B5E /* status64.png */; };
		0D3174E41B64C4A600D20B5E /* status65.png in Resources */ = {isa = PBXBuildFile; fileRef = 0D3174361B64C4A600D20B5E /* status65.png */; };
		0D3174E51B64C4A600D20B5E /* status65.png in Resources */ = {isa = PBXBuildFile; fileRef = 0D3174361B64C4A600D20B5E /* status65.png */; };
		0D3174E61B64C4A600D20B5E /* status66.png in Resources */ = {isa = PBXBuildFile; fileRef = 0D3174371B64C4A600D20B5E /* status66.png */; };
		0D3174E71B64C4A600D20B5E /* status66.png in Resources */ = {isa = PBXBuildFile; fileRef = 0D3174371B64C4A600D20B5E /* status66.png */; };
		0D3174E81B64C4A600D20B5E /* status67.png in Resources */ = {isa = PBXBuildFile; fileRef = 0D3174381B64C4A600D20B5E /* status67.png */; };
		0D3174E91B64C4A600D20B5E /* status67.png in Resources */ = {isa = PBXBuildFile; fileRef = 0D3174381B64C4A600D20B5E /* status67.png */; };
		0D3174EA1B64C4A600D20B5E /* status68.png in Resources */ = {isa = PBXBuildFile; fileRef = 0D3174391B64C4A600D20B5E /* status68.png */; };
		0D3174EB1B64C4A600D20B5E /* status68.png in Resources */ = {isa = PBXBuildFile; fileRef = 0D3174391B64C4A600D20B5E /* status68.png */; };
		0D3174EC1B64C4A600D20B5E /* status69.png in Resources */ = {isa = PBXBuildFile; fileRef = 0D31743A1B64C4A600D20B5E /* status69.png */; };
		0D3174ED1B64C4A600D20B5E /* status69.png in Resources */ = {isa = PBXBuildFile; fileRef = 0D31743A1B64C4A600D20B5E /* status69.png */; };
		0D3174EE1B64C4A600D20B5E /* status70.png in Resources */ = {isa = PBXBuildFile; fileRef = 0D31743B1B64C4A600D20B5E /* status70.png */; };
		0D3174EF1B64C4A600D20B5E /* status70.png in Resources */ = {isa = PBXBuildFile; fileRef = 0D31743B1B64C4A600D20B5E /* status70.png */; };
		0D3174F01B64C4A600D20B5E /* status71.png in Resources */ = {isa = PBXBuildFile; fileRef = 0D31743C1B64C4A600D20B5E /* status71.png */; };
		0D3174F11B64C4A600D20B5E /* status71.png in Resources */ = {isa = PBXBuildFile; fileRef = 0D31743C1B64C4A600D20B5E /* status71.png */; };
		0D3174F21B64C4A600D20B5E /* status72.png in Resources */ = {isa = PBXBuildFile; fileRef = 0D31743D1B64C4A600D20B5E /* status72.png */; };
		0D3174F31B64C4A600D20B5E /* status72.png in Resources */ = {isa = PBXBuildFile; fileRef = 0D31743D1B64C4A600D20B5E /* status72.png */; };
		0D3174F41B64C4A600D20B5E /* status73.png in Resources */ = {isa = PBXBuildFile; fileRef = 0D31743E1B64C4A600D20B5E /* status73.png */; };
		0D3174F51B64C4A600D20B5E /* status73.png in Resources */ = {isa = PBXBuildFile; fileRef = 0D31743E1B64C4A600D20B5E /* status73.png */; };
		0D3174F61B64C4A600D20B5E /* status74.png in Resources */ = {isa = PBXBuildFile; fileRef = 0D31743F1B64C4A600D20B5E /* status74.png */; };
		0D3174F71B64C4A600D20B5E /* status74.png in Resources */ = {isa = PBXBuildFile; fileRef = 0D31743F1B64C4A600D20B5E /* status74.png */; };
		0D3174F81B64C4A600D20B5E /* status75.png in Resources */ = {isa = PBXBuildFile; fileRef = 0D3174401B64C4A600D20B5E /* status75.png */; };
		0D3174F91B64C4A600D20B5E /* status75.png in Resources */ = {isa = PBXBuildFile; fileRef = 0D3174401B64C4A600D20B5E /* status75.png */; };
		0D3174FA1B64C4A600D20B5E /* status76.png in Resources */ = {isa = PBXBuildFile; fileRef = 0D3174411B64C4A600D20B5E /* status76.png */; };
		0D3174FB1B64C4A600D20B5E /* status76.png in Resources */ = {isa = PBXBuildFile; fileRef = 0D3174411B64C4A600D20B5E /* status76.png */; };
		0D3174FC1B64C4A600D20B5E /* status77.png in Resources */ = {isa = PBXBuildFile; fileRef = 0D3174421B64C4A600D20B5E /* status77.png */; };
		0D3174FD1B64C4A600D20B5E /* status77.png in Resources */ = {isa = PBXBuildFile; fileRef = 0D3174421B64C4A600D20B5E /* status77.png */; };
		0D3174FE1B64C4A600D20B5E /* status78.png in Resources */ = {isa = PBXBuildFile; fileRef = 0D3174431B64C4A600D20B5E /* status78.png */; };
		0D3174FF1B64C4A600D20B5E /* status78.png in Resources */ = {isa = PBXBuildFile; fileRef = 0D3174431B64C4A600D20B5E /* status78.png */; };
		0D3175001B64C4A600D20B5E /* status79.png in Resources */ = {isa = PBXBuildFile; fileRef = 0D3174441B64C4A600D20B5E /* status79.png */; };
		0D3175011B64C4A600D20B5E /* status79.png in Resources */ = {isa = PBXBuildFile; fileRef = 0D3174441B64C4A600D20B5E /* status79.png */; };
		0D3175021B64C4A600D20B5E /* status80.png in Resources */ = {isa = PBXBuildFile; fileRef = 0D3174451B64C4A600D20B5E /* status80.png */; };
		0D3175031B64C4A600D20B5E /* status80.png in Resources */ = {isa = PBXBuildFile; fileRef = 0D3174451B64C4A600D20B5E /* status80.png */; };
		0D3175041B64C4A600D20B5E /* status81.png in Resources */ = {isa = PBXBuildFile; fileRef = 0D3174461B64C4A600D20B5E /* status81.png */; };
		0D3175051B64C4A600D20B5E /* status81.png in Resources */ = {isa = PBXBuildFile; fileRef = 0D3174461B64C4A600D20B5E /* status81.png */; };
		0D3175061B64C4A600D20B5E /* status82.png in Resources */ = {isa = PBXBuildFile; fileRef = 0D3174471B64C4A600D20B5E /* status82.png */; };
		0D3175071B64C4A600D20B5E /* status82.png in Resources */ = {isa = PBXBuildFile; fileRef = 0D3174471B64C4A600D20B5E /* status82.png */; };
		0D3175081B64C4A600D20B5E /* status83.png in Resources */ = {isa = PBXBuildFile; fileRef = 0D3174481B64C4A600D20B5E /* status83.png */; };
		0D3175091B64C4A600D20B5E /* status83.png in Resources */ = {isa = PBXBuildFile; fileRef = 0D3174481B64C4A600D20B5E /* status83.png */; };
		0D31750A1B64C4A600D20B5E /* status84.png in Resources */ = {isa = PBXBuildFile; fileRef = 0D3174491B64C4A600D20B5E /* status84.png */; };
		0D31750B1B64C4A600D20B5E /* status84.png in Resources */ = {isa = PBXBuildFile; fileRef = 0D3174491B64C4A600D20B5E /* status84.png */; };
		0D31750C1B64C4A600D20B5E /* status85.png in Resources */ = {isa = PBXBuildFile; fileRef = 0D31744A1B64C4A600D20B5E /* status85.png */; };
		0D31750D1B64C4A600D20B5E /* status85.png in Resources */ = {isa = PBXBuildFile; fileRef = 0D31744A1B64C4A600D20B5E /* status85.png */; };
		0D31750E1B64C4A600D20B5E /* status86.png in Resources */ = {isa = PBXBuildFile; fileRef = 0D31744B1B64C4A600D20B5E /* status86.png */; };
		0D31750F1B64C4A600D20B5E /* status86.png in Resources */ = {isa = PBXBuildFile; fileRef = 0D31744B1B64C4A600D20B5E /* status86.png */; };
		0D3175101B64C4A600D20B5E /* status87.png in Resources */ = {isa = PBXBuildFile; fileRef = 0D31744C1B64C4A600D20B5E /* status87.png */; };
		0D3175111B64C4A600D20B5E /* status87.png in Resources */ = {isa = PBXBuildFile; fileRef = 0D31744C1B64C4A600D20B5E /* status87.png */; };
		0D3175121B64C4A600D20B5E /* status88.png in Resources */ = {isa = PBXBuildFile; fileRef = 0D31744D1B64C4A600D20B5E /* status88.png */; };
		0D3175131B64C4A600D20B5E /* status88.png in Resources */ = {isa = PBXBuildFile; fileRef = 0D31744D1B64C4A600D20B5E /* status88.png */; };
		0D3175141B64C4A600D20B5E /* status89.png in Resources */ = {isa = PBXBuildFile; fileRef = 0D31744E1B64C4A600D20B5E /* status89.png */; };
		0D3175151B64C4A600D20B5E /* status89.png in Resources */ = {isa = PBXBuildFile; fileRef = 0D31744E1B64C4A600D20B5E /* status89.png */; };
		0D3175161B64C4A600D20B5E /* status90.png in Resources */ = {isa = PBXBuildFile; fileRef = 0D31744F1B64C4A600D20B5E /* status90.png */; };
		0D3175171B64C4A600D20B5E /* status90.png in Resources */ = {isa = PBXBuildFile; fileRef = 0D31744F1B64C4A600D20B5E /* status90.png */; };
		0D3175181B64C4A600D20B5E /* status91.png in Resources */ = {isa = PBXBuildFile; fileRef = 0D3174501B64C4A600D20B5E /* status91.png */; };
		0D3175191B64C4A600D20B5E /* status91.png in Resources */ = {isa = PBXBuildFile; fileRef = 0D3174501B64C4A600D20B5E /* status91.png */; };
		0D31751A1B64C4A600D20B5E /* status92.png in Resources */ = {isa = PBXBuildFile; fileRef = 0D3174511B64C4A600D20B5E /* status92.png */; };
		0D31751B1B64C4A600D20B5E /* status92.png in Resources */ = {isa = PBXBuildFile; fileRef = 0D3174511B64C4A600D20B5E /* status92.png */; };
		0D31751C1B64C4A600D20B5E /* status93.png in Resources */ = {isa = PBXBuildFile; fileRef = 0D3174521B64C4A600D20B5E /* status93.png */; };
		0D31751D1B64C4A600D20B5E /* status93.png in Resources */ = {isa = PBXBuildFile; fileRef = 0D3174521B64C4A600D20B5E /* status93.png */; };
		0D31751E1B64C4A600D20B5E /* status94.png in Resources */ = {isa = PBXBuildFile; fileRef = 0D3174531B64C4A600D20B5E /* status94.png */; };
		0D31751F1B64C4A600D20B5E /* status94.png in Resources */ = {isa = PBXBuildFile; fileRef = 0D3174531B64C4A600D20B5E /* status94.png */; };
		0D3175201B64C4A600D20B5E /* status95.png in Resources */ = {isa = PBXBuildFile; fileRef = 0D3174541B64C4A600D20B5E /* status95.png */; };
		0D3175211B64C4A600D20B5E /* status95.png in Resources */ = {isa = PBXBuildFile; fileRef = 0D3174541B64C4A600D20B5E /* status95.png */; };
		0D3175221B64C4A600D20B5E /* status96.png in Resources */ = {isa = PBXBuildFile; fileRef = 0D3174551B64C4A600D20B5E /* status96.png */; };
		0D3175231B64C4A600D20B5E /* status96.png in Resources */ = {isa = PBXBuildFile; fileRef = 0D3174551B64C4A600D20B5E /* status96.png */; };
		0D3175241B64C4A600D20B5E /* status97.png in Resources */ = {isa = PBXBuildFile; fileRef = 0D3174561B64C4A600D20B5E /* status97.png */; };
		0D3175251B64C4A600D20B5E /* status97.png in Resources */ = {isa = PBXBuildFile; fileRef = 0D3174561B64C4A600D20B5E /* status97.png */; };
		0D3175261B64C4A600D20B5E /* status98.png in Resources */ = {isa = PBXBuildFile; fileRef = 0D3174571B64C4A600D20B5E /* status98.png */; };
		0D3175271B64C4A600D20B5E /* status98.png in Resources */ = {isa = PBXBuildFile; fileRef = 0D3174571B64C4A600D20B5E /* status98.png */; };
		0D3175281B64C4A600D20B5E /* status99.png in Resources */ = {isa = PBXBuildFile; fileRef = 0D3174581B64C4A600D20B5E /* status99.png */; };
		0D3175291B64C4A600D20B5E /* status99.png in Resources */ = {isa = PBXBuildFile; fileRef = 0D3174581B64C4A600D20B5E /* status99.png */; };
		0D31752A1B64C4A600D20B5E /* status100.png in Resources */ = {isa = PBXBuildFile; fileRef = 0D3174591B64C4A600D20B5E /* status100.png */; };
		0D31752B1B64C4A600D20B5E /* status100.png in Resources */ = {isa = PBXBuildFile; fileRef = 0D3174591B64C4A600D20B5E /* status100.png */; };
		0D3175401B64C78800D20B5E /* smallShape1.png in Resources */ = {isa = PBXBuildFile; fileRef = 0D31753B1B64C78800D20B5E /* smallShape1.png */; };
		0D3175411B64C78800D20B5E /* smallShape1.png in Resources */ = {isa = PBXBuildFile; fileRef = 0D31753B1B64C78800D20B5E /* smallShape1.png */; };
		0D3175421B64C78800D20B5E /* smallShape2.png in Resources */ = {isa = PBXBuildFile; fileRef = 0D31753C1B64C78800D20B5E /* smallShape2.png */; };
		0D3175431B64C78800D20B5E /* smallShape2.png in Resources */ = {isa = PBXBuildFile; fileRef = 0D31753C1B64C78800D20B5E /* smallShape2.png */; };
		0D3175441B64C78800D20B5E /* smallShape3.png in Resources */ = {isa = PBXBuildFile; fileRef = 0D31753D1B64C78800D20B5E /* smallShape3.png */; };
		0D3175451B64C78800D20B5E /* smallShape3.png in Resources */ = {isa = PBXBuildFile; fileRef = 0D31753D1B64C78800D20B5E /* smallShape3.png */; };
		0D3175461B64C78800D20B5E /* smallShape4.png in Resources */ = {isa = PBXBuildFile; fileRef = 0D31753E1B64C78800D20B5E /* smallShape4.png */; };
		0D3175471B64C78800D20B5E /* smallShape4.png in Resources */ = {isa = PBXBuildFile; fileRef = 0D31753E1B64C78800D20B5E /* smallShape4.png */; };
		0D3175481B64C78800D20B5E /* smallShape5.png in Resources */ = {isa = PBXBuildFile; fileRef = 0D31753F1B64C78800D20B5E /* smallShape5.png */; };
		0D3175491B64C78800D20B5E /* smallShape5.png in Resources */ = {isa = PBXBuildFile; fileRef = 0D31753F1B64C78800D20B5E /* smallShape5.png */; };
		0D684B391B64C828006F9BAF /* SequencePickerInterfaceController.swift in Sources */ = {isa = PBXBuildFile; fileRef = 0D684B381B64C828006F9BAF /* SequencePickerInterfaceController.swift */; };
/* End PBXBuildFile section */

/* Begin PBXContainerItemProxy section */
		0D31727B1B64B0D400D20B5E /* PBXContainerItemProxy */ = {
			isa = PBXContainerItemProxy;
			containerPortal = 0D31725F1B64B0D400D20B5E /* Project object */;
			proxyType = 1;
			remoteGlobalIDString = 0D3172781B64B0D400D20B5E;
			remoteInfo = "WatchKit2-Sample-Picker WatchKit App";
		};
		0D31728A1B64B0D400D20B5E /* PBXContainerItemProxy */ = {
			isa = PBXContainerItemProxy;
			containerPortal = 0D31725F1B64B0D400D20B5E /* Project object */;
			proxyType = 1;
			remoteGlobalIDString = 0D3172871B64B0D400D20B5E;
			remoteInfo = "WatchKit2-Sample-Picker WatchKit Extension";
		};
/* End PBXContainerItemProxy section */

/* Begin PBXCopyFilesBuildPhase section */
		0D3172991B64B0D400D20B5E /* Embed App Extensions */ = {
			isa = PBXCopyFilesBuildPhase;
			buildActionMask = 2147483647;
			dstPath = "";
			dstSubfolderSpec = 13;
			files = (
				0D3172891B64B0D400D20B5E /* WatchKit2-Sample-Picker WatchKit Extension.appex in Embed App Extensions */,
			);
			name = "Embed App Extensions";
			runOnlyForDeploymentPostprocessing = 0;
		};
		0D31729D1B64B0D400D20B5E /* Embed Watch Content */ = {
			isa = PBXCopyFilesBuildPhase;
			buildActionMask = 2147483647;
			dstPath = "$(CONTENTS_FOLDER_PATH)/Watch";
			dstSubfolderSpec = 16;
			files = (
				0D31727A1B64B0D400D20B5E /* WatchKit2-Sample-Picker WatchKit App.app in Embed Watch Content */,
			);
			name = "Embed Watch Content";
			runOnlyForDeploymentPostprocessing = 0;
		};
/* End PBXCopyFilesBuildPhase section */

/* Begin PBXFileReference section */
		0D3172671B64B0D400D20B5E /* WatchKit2-Sample-Picker.app */ = {isa = PBXFileReference; explicitFileType = wrapper.application; includeInIndex = 0; path = "WatchKit2-Sample-Picker.app"; sourceTree = BUILT_PRODUCTS_DIR; };
		0D31726A1B64B0D400D20B5E /* AppDelegate.swift */ = {isa = PBXFileReference; lastKnownFileType = sourcecode.swift; path = AppDelegate.swift; sourceTree = "<group>"; };
		0D31726C1B64B0D400D20B5E /* ViewController.swift */ = {isa = PBXFileReference; lastKnownFileType = sourcecode.swift; path = ViewController.swift; sourceTree = "<group>"; };
		0D31726F1B64B0D400D20B5E /* Base */ = {isa = PBXFileReference; lastKnownFileType = file.storyboard; name = Base; path = Base.lproj/Main.storyboard; sourceTree = "<group>"; };
		0D3172711B64B0D400D20B5E /* Assets.xcassets */ = {isa = PBXFileReference; lastKnownFileType = folder.assetcatalog; path = Assets.xcassets; sourceTree = "<group>"; };
		0D3172741B64B0D400D20B5E /* Base */ = {isa = PBXFileReference; lastKnownFileType = file.storyboard; name = Base; path = Base.lproj/LaunchScreen.storyboard; sourceTree = "<group>"; };
		0D3172761B64B0D400D20B5E /* Info.plist */ = {isa = PBXFileReference; lastKnownFileType = text.plist.xml; path = Info.plist; sourceTree = "<group>"; };
		0D3172791B64B0D400D20B5E /* WatchKit2-Sample-Picker WatchKit App.app */ = {isa = PBXFileReference; explicitFileType = wrapper.application; includeInIndex = 0; path = "WatchKit2-Sample-Picker WatchKit App.app"; sourceTree = BUILT_PRODUCTS_DIR; };
		0D31727F1B64B0D400D20B5E /* Base */ = {isa = PBXFileReference; lastKnownFileType = file.storyboard; name = Base; path = Base.lproj/Interface.storyboard; sourceTree = "<group>"; };
		0D3172811B64B0D400D20B5E /* Assets.xcassets */ = {isa = PBXFileReference; lastKnownFileType = folder.assetcatalog; path = Assets.xcassets; sourceTree = "<group>"; };
		0D3172831B64B0D400D20B5E /* Info.plist */ = {isa = PBXFileReference; lastKnownFileType = text.plist.xml; path = Info.plist; sourceTree = "<group>"; };
		0D3172881B64B0D400D20B5E /* WatchKit2-Sample-Picker WatchKit Extension.appex */ = {isa = PBXFileReference; explicitFileType = "wrapper.app-extension"; includeInIndex = 0; path = "WatchKit2-Sample-Picker WatchKit Extension.appex"; sourceTree = BUILT_PRODUCTS_DIR; };
		0D31728D1B64B0D400D20B5E /* ListPcikerInterfaceController.swift */ = {isa = PBXFileReference; lastKnownFileType = sourcecode.swift; path = ListPcikerInterfaceController.swift; sourceTree = "<group>"; };
		0D31728F1B64B0D400D20B5E /* ExtensionDelegate.swift */ = {isa = PBXFileReference; lastKnownFileType = sourcecode.swift; path = ExtensionDelegate.swift; sourceTree = "<group>"; };
		0D3172911B64B0D400D20B5E /* Assets.xcassets */ = {isa = PBXFileReference; lastKnownFileType = folder.assetcatalog; path = Assets.xcassets; sourceTree = "<group>"; };
		0D3172931B64B0D400D20B5E /* Info.plist */ = {isa = PBXFileReference; lastKnownFileType = text.plist.xml; path = Info.plist; sourceTree = "<group>"; };
		0D3173E61B64BADD00D20B5E /* StackPickerInterfaceController.swift */ = {isa = PBXFileReference; fileEncoding = 4; lastKnownFileType = sourcecode.swift; path = StackPickerInterfaceController.swift; sourceTree = "<group>"; };
		0D3173EB1B64C06C00D20B5E /* background.png */ = {isa = PBXFileReference; lastKnownFileType = image.png; path = background.png; sourceTree = "<group>"; };
		0D3173EE1B64C14800D20B5E /* shape1.png */ = {isa = PBXFileReference; lastKnownFileType = image.png; path = shape1.png; sourceTree = "<group>"; };
		0D3173F11B64C4A600D20B5E /* shape2.png */ = {isa = PBXFileReference; lastKnownFileType = image.png; path = shape2.png; sourceTree = "<group>"; };
		0D3173F21B64C4A600D20B5E /* shape3.png */ = {isa = PBXFileReference; lastKnownFileType = image.png; path = shape3.png; sourceTree = "<group>"; };
		0D3173F31B64C4A600D20B5E /* shape4.png */ = {isa = PBXFileReference; lastKnownFileType = image.png; path = shape4.png; sourceTree = "<group>"; };
		0D3173F41B64C4A600D20B5E /* shape5.png */ = {isa = PBXFileReference; lastKnownFileType = image.png; path = shape5.png; sourceTree = "<group>"; };
		0D3173F51B64C4A600D20B5E /* status0.png */ = {isa = PBXFileReference; lastKnownFileType = image.png; path = status0.png; sourceTree = "<group>"; };
		0D3173F61B64C4A600D20B5E /* status1.png */ = {isa = PBXFileReference; lastKnownFileType = image.png; path = status1.png; sourceTree = "<group>"; };
		0D3173F71B64C4A600D20B5E /* status2.png */ = {isa = PBXFileReference; lastKnownFileType = image.png; path = status2.png; sourceTree = "<group>"; };
		0D3173F81B64C4A600D20B5E /* status3.png */ = {isa = PBXFileReference; lastKnownFileType = image.png; path = status3.png; sourceTree = "<group>"; };
		0D3173F91B64C4A600D20B5E /* status4.png */ = {isa = PBXFileReference; lastKnownFileType = image.png; path = status4.png; sourceTree = "<group>"; };
		0D3173FA1B64C4A600D20B5E /* status5.png */ = {isa = PBXFileReference; lastKnownFileType = image.png; path = status5.png; sourceTree = "<group>"; };
		0D3173FB1B64C4A600D20B5E /* status6.png */ = {isa = PBXFileReference; lastKnownFileType = image.png; path = status6.png; sourceTree = "<group>"; };
		0D3173FC1B64C4A600D20B5E /* status7.png */ = {isa = PBXFileReference; lastKnownFileType = image.png; path = status7.png; sourceTree = "<group>"; };
		0D3173FD1B64C4A600D20B5E /* status8.png */ = {isa = PBXFileReference; lastKnownFileType = image.png; path = status8.png; sourceTree = "<group>"; };
		0D3173FE1B64C4A600D20B5E /* status9.png */ = {isa = PBXFileReference; lastKnownFileType = image.png; path = status9.png; sourceTree = "<group>"; };
		0D3173FF1B64C4A600D20B5E /* status10.png */ = {isa = PBXFileReference; lastKnownFileType = image.png; path = status10.png; sourceTree = "<group>"; };
		0D3174001B64C4A600D20B5E /* status11.png */ = {isa = PBXFileReference; lastKnownFileType = image.png; path = status11.png; sourceTree = "<group>"; };
		0D3174011B64C4A600D20B5E /* status12.png */ = {isa = PBXFileReference; lastKnownFileType = image.png; path = status12.png; sourceTree = "<group>"; };
		0D3174021B64C4A600D20B5E /* status13.png */ = {isa = PBXFileReference; lastKnownFileType = image.png; path = status13.png; sourceTree = "<group>"; };
		0D3174031B64C4A600D20B5E /* status14.png */ = {isa = PBXFileReference; lastKnownFileType = image.png; path = status14.png; sourceTree = "<group>"; };
		0D3174041B64C4A600D20B5E /* status15.png */ = {isa = PBXFileReference; lastKnownFileType = image.png; path = status15.png; sourceTree = "<group>"; };
		0D3174051B64C4A600D20B5E /* status16.png */ = {isa = PBXFileReference; lastKnownFileType = image.png; path = status16.png; sourceTree = "<group>"; };
		0D3174061B64C4A600D20B5E /* status17.png */ = {isa = PBXFileReference; lastKnownFileType = image.png; path = status17.png; sourceTree = "<group>"; };
		0D3174071B64C4A600D20B5E /* status18.png */ = {isa = PBXFileReference; lastKnownFileType = image.png; path = status18.png; sourceTree = "<group>"; };
		0D3174081B64C4A600D20B5E /* status19.png */ = {isa = PBXFileReference; lastKnownFileType = image.png; path = status19.png; sourceTree = "<group>"; };
		0D3174091B64C4A600D20B5E /* status20.png */ = {isa = PBXFileReference; lastKnownFileType = image.png; path = status20.png; sourceTree = "<group>"; };
		0D31740A1B64C4A600D20B5E /* status21.png */ = {isa = PBXFileReference; lastKnownFileType = image.png; path = status21.png; sourceTree = "<group>"; };
		0D31740B1B64C4A600D20B5E /* status22.png */ = {isa = PBXFileReference; lastKnownFileType = image.png; path = status22.png; sourceTree = "<group>"; };
		0D31740C1B64C4A600D20B5E /* status23.png */ = {isa = PBXFileReference; lastKnownFileType = image.png; path = status23.png; sourceTree = "<group>"; };
		0D31740D1B64C4A600D20B5E /* status24.png */ = {isa = PBXFileReference; lastKnownFileType = image.png; path = status24.png; sourceTree = "<group>"; };
		0D31740E1B64C4A600D20B5E /* status25.png */ = {isa = PBXFileReference; lastKnownFileType = image.png; path = status25.png; sourceTree = "<group>"; };
		0D31740F1B64C4A600D20B5E /* status26.png */ = {isa = PBXFileReference; lastKnownFileType = image.png; path = status26.png; sourceTree = "<group>"; };
		0D3174101B64C4A600D20B5E /* status27.png */ = {isa = PBXFileReference; lastKnownFileType = image.png; path = status27.png; sourceTree = "<group>"; };
		0D3174111B64C4A600D20B5E /* status28.png */ = {isa = PBXFileReference; lastKnownFileType = image.png; path = status28.png; sourceTree = "<group>"; };
		0D3174121B64C4A600D20B5E /* status29.png */ = {isa = PBXFileReference; lastKnownFileType = image.png; path = status29.png; sourceTree = "<group>"; };
		0D3174131B64C4A600D20B5E /* status30.png */ = {isa = PBXFileReference; lastKnownFileType = image.png; path = status30.png; sourceTree = "<group>"; };
		0D3174141B64C4A600D20B5E /* status31.png */ = {isa = PBXFileReference; lastKnownFileType = image.png; path = status31.png; sourceTree = "<group>"; };
		0D3174151B64C4A600D20B5E /* status32.png */ = {isa = PBXFileReference; lastKnownFileType = image.png; path = status32.png; sourceTree = "<group>"; };
		0D3174161B64C4A600D20B5E /* status33.png */ = {isa = PBXFileReference; lastKnownFileType = image.png; path = status33.png; sourceTree = "<group>"; };
		0D3174171B64C4A600D20B5E /* status34.png */ = {isa = PBXFileReference; lastKnownFileType = image.png; path = status34.png; sourceTree = "<group>"; };
		0D3174181B64C4A600D20B5E /* status35.png */ = {isa = PBXFileReference; lastKnownFileType = image.png; path = status35.png; sourceTree = "<group>"; };
		0D3174191B64C4A600D20B5E /* status36.png */ = {isa = PBXFileReference; lastKnownFileType = image.png; path = status36.png; sourceTree = "<group>"; };
		0D31741A1B64C4A600D20B5E /* status37.png */ = {isa = PBXFileReference; lastKnownFileType = image.png; path = status37.png; sourceTree = "<group>"; };
		0D31741B1B64C4A600D20B5E /* status38.png */ = {isa = PBXFileReference; lastKnownFileType = image.png; path = status38.png; sourceTree = "<group>"; };
		0D31741C1B64C4A600D20B5E /* status39.png */ = {isa = PBXFileReference; lastKnownFileType = image.png; path = status39.png; sourceTree = "<group>"; };
		0D31741D1B64C4A600D20B5E /* status40.png */ = {isa = PBXFileReference; lastKnownFileType = image.png; path = status40.png; sourceTree = "<group>"; };
		0D31741E1B64C4A600D20B5E /* status41.png */ = {isa = PBXFileReference; lastKnownFileType = image.png; path = status41.png; sourceTree = "<group>"; };
		0D31741F1B64C4A600D20B5E /* status42.png */ = {isa = PBXFileReference; lastKnownFileType = image.png; path = status42.png; sourceTree = "<group>"; };
		0D3174201B64C4A600D20B5E /* status43.png */ = {isa = PBXFileReference; lastKnownFileType = image.png; path = status43.png; sourceTree = "<group>"; };
		0D3174211B64C4A600D20B5E /* status44.png */ = {isa = PBXFileReference; lastKnownFileType = image.png; path = status44.png; sourceTree = "<group>"; };
		0D3174221B64C4A600D20B5E /* status45.png */ = {isa = PBXFileReference; lastKnownFileType = image.png; path = status45.png; sourceTree = "<group>"; };
		0D3174231B64C4A600D20B5E /* status46.png */ = {isa = PBXFileReference; lastKnownFileType = image.png; path = status46.png; sourceTree = "<group>"; };
		0D3174241B64C4A600D20B5E /* status47.png */ = {isa = PBXFileReference; lastKnownFileType = image.png; path = status47.png; sourceTree = "<group>"; };
		0D3174251B64C4A600D20B5E /* status48.png */ = {isa = PBXFileReference; lastKnownFileType = image.png; path = status48.png; sourceTree = "<group>"; };
		0D3174261B64C4A600D20B5E /* status49.png */ = {isa = PBXFileReference; lastKnownFileType = image.png; path = status49.png; sourceTree = "<group>"; };
		0D3174271B64C4A600D20B5E /* status50.png */ = {isa = PBXFileReference; lastKnownFileType = image.png; path = status50.png; sourceTree = "<group>"; };
		0D3174281B64C4A600D20B5E /* status51.png */ = {isa = PBXFileReference; lastKnownFileType = image.png; path = status51.png; sourceTree = "<group>"; };
		0D3174291B64C4A600D20B5E /* status52.png */ = {isa = PBXFileReference; lastKnownFileType = image.png; path = status52.png; sourceTree = "<group>"; };
		0D31742A1B64C4A600D20B5E /* status53.png */ = {isa = PBXFileReference; lastKnownFileType = image.png; path = status53.png; sourceTree = "<group>"; };
		0D31742B1B64C4A600D20B5E /* status54.png */ = {isa = PBXFileReference; lastKnownFileType = image.png; path = status54.png; sourceTree = "<group>"; };
		0D31742C1B64C4A600D20B5E /* status55.png */ = {isa = PBXFileReference; lastKnownFileType = image.png; path = status55.png; sourceTree = "<group>"; };
		0D31742D1B64C4A600D20B5E /* status56.png */ = {isa = PBXFileReference; lastKnownFileType = image.png; path = status56.png; sourceTree = "<group>"; };
		0D31742E1B64C4A600D20B5E /* status57.png */ = {isa = PBXFileReference; lastKnownFileType = image.png; path = status57.png; sourceTree = "<group>"; };
		0D31742F1B64C4A600D20B5E /* status58.png */ = {isa = PBXFileReference; lastKnownFileType = image.png; path = status58.png; sourceTree = "<group>"; };
		0D3174301B64C4A600D20B5E /* status59.png */ = {isa = PBXFileReference; lastKnownFileType = image.png; path = status59.png; sourceTree = "<group>"; };
		0D3174311B64C4A600D20B5E /* status60.png */ = {isa = PBXFileReference; lastKnownFileType = image.png; path = status60.png; sourceTree = "<group>"; };
		0D3174321B64C4A600D20B5E /* status61.png */ = {isa = PBXFileReference; lastKnownFileType = image.png; path = status61.png; sourceTree = "<group>"; };
		0D3174331B64C4A600D20B5E /* status62.png */ = {isa = PBXFileReference; lastKnownFileType = image.png; path = status62.png; sourceTree = "<group>"; };
		0D3174341B64C4A600D20B5E /* status63.png */ = {isa = PBXFileReference; lastKnownFileType = image.png; path = status63.png; sourceTree = "<group>"; };
		0D3174351B64C4A600D20B5E /* status64.png */ = {isa = PBXFileReference; lastKnownFileType = image.png; path = status64.png; sourceTree = "<group>"; };
		0D3174361B64C4A600D20B5E /* status65.png */ = {isa = PBXFileReference; lastKnownFileType = image.png; path = status65.png; sourceTree = "<group>"; };
		0D3174371B64C4A600D20B5E /* status66.png */ = {isa = PBXFileReference; lastKnownFileType = image.png; path = status66.png; sourceTree = "<group>"; };
		0D3174381B64C4A600D20B5E /* status67.png */ = {isa = PBXFileReference; lastKnownFileType = image.png; path = status67.png; sourceTree = "<group>"; };
		0D3174391B64C4A600D20B5E /* status68.png */ = {isa = PBXFileReference; lastKnownFileType = image.png; path = status68.png; sourceTree = "<group>"; };
		0D31743A1B64C4A600D20B5E /* status69.png */ = {isa = PBXFileReference; lastKnownFileType = image.png; path = status69.png; sourceTree = "<group>"; };
		0D31743B1B64C4A600D20B5E /* status70.png */ = {isa = PBXFileReference; lastKnownFileType = image.png; path = status70.png; sourceTree = "<group>"; };
		0D31743C1B64C4A600D20B5E /* status71.png */ = {isa = PBXFileReference; lastKnownFileType = image.png; path = status71.png; sourceTree = "<group>"; };
		0D31743D1B64C4A600D20B5E /* status72.png */ = {isa = PBXFileReference; lastKnownFileType = image.png; path = status72.png; sourceTree = "<group>"; };
		0D31743E1B64C4A600D20B5E /* status73.png */ = {isa = PBXFileReference; lastKnownFileType = image.png; path = status73.png; sourceTree = "<group>"; };
		0D31743F1B64C4A600D20B5E /* status74.png */ = {isa = PBXFileReference; lastKnownFileType = image.png; path = status74.png; sourceTree = "<group>"; };
		0D3174401B64C4A600D20B5E /* status75.png */ = {isa = PBXFileReference; lastKnownFileType = image.png; path = status75.png; sourceTree = "<group>"; };
		0D3174411B64C4A600D20B5E /* status76.png */ = {isa = PBXFileReference; lastKnownFileType = image.png; path = status76.png; sourceTree = "<group>"; };
		0D3174421B64C4A600D20B5E /* status77.png */ = {isa = PBXFileReference; lastKnownFileType = image.png; path = status77.png; sourceTree = "<group>"; };
		0D3174431B64C4A600D20B5E /* status78.png */ = {isa = PBXFileReference; lastKnownFileType = image.png; path = status78.png; sourceTree = "<group>"; };
		0D3174441B64C4A600D20B5E /* status79.png */ = {isa = PBXFileReference; lastKnownFileType = image.png; path = status79.png; sourceTree = "<group>"; };
		0D3174451B64C4A600D20B5E /* status80.png */ = {isa = PBXFileReference; lastKnownFileType = image.png; path = status80.png; sourceTree = "<group>"; };
		0D3174461B64C4A600D20B5E /* status81.png */ = {isa = PBXFileReference; lastKnownFileType = image.png; path = status81.png; sourceTree = "<group>"; };
		0D3174471B64C4A600D20B5E /* status82.png */ = {isa = PBXFileReference; lastKnownFileType = image.png; path = status82.png; sourceTree = "<group>"; };
		0D3174481B64C4A600D20B5E /* status83.png */ = {isa = PBXFileReference; lastKnownFileType = image.png; path = status83.png; sourceTree = "<group>"; };
		0D3174491B64C4A600D20B5E /* status84.png */ = {isa = PBXFileReference; lastKnownFileType = image.png; path = status84.png; sourceTree = "<group>"; };
		0D31744A1B64C4A600D20B5E /* status85.png */ = {isa = PBXFileReference; lastKnownFileType = image.png; path = status85.png; sourceTree = "<group>"; };
		0D31744B1B64C4A600D20B5E /* status86.png */ = {isa = PBXFileReference; lastKnownFileType = image.png; path = status86.png; sourceTree = "<group>"; };
		0D31744C1B64C4A600D20B5E /* status87.png */ = {isa = PBXFileReference; lastKnownFileType = image.png; path = status87.png; sourceTree = "<group>"; };
		0D31744D1B64C4A600D20B5E /* status88.png */ = {isa = PBXFileReference; lastKnownFileType = image.png; path = status88.png; sourceTree = "<group>"; };
		0D31744E1B64C4A600D20B5E /* status89.png */ = {isa = PBXFileReference; lastKnownFileType = image.png; path = status89.png; sourceTree = "<group>"; };
		0D31744F1B64C4A600D20B5E /* status90.png */ = {isa = PBXFileReference; lastKnownFileType = image.png; path = status90.png; sourceTree = "<group>"; };
		0D3174501B64C4A600D20B5E /* status91.png */ = {isa = PBXFileReference; lastKnownFileType = image.png; path = status91.png; sourceTree = "<group>"; };
		0D3174511B64C4A600D20B5E /* status92.png */ = {isa = PBXFileReference; lastKnownFileType = image.png; path = status92.png; sourceTree = "<group>"; };
		0D3174521B64C4A600D20B5E /* status93.png */ = {isa = PBXFileReference; lastKnownFileType = image.png; path = status93.png; sourceTree = "<group>"; };
		0D3174531B64C4A600D20B5E /* status94.png */ = {isa = PBXFileReference; lastKnownFileType = image.png; path = status94.png; sourceTree = "<group>"; };
		0D3174541B64C4A600D20B5E /* status95.png */ = {isa = PBXFileReference; lastKnownFileType = image.png; path = status95.png; sourceTree = "<group>"; };
		0D3174551B64C4A600D20B5E /* status96.png */ = {isa = PBXFileReference; lastKnownFileType = image.png; path = status96.png; sourceTree = "<group>"; };
		0D3174561B64C4A600D20B5E /* status97.png */ = {isa = PBXFileReference; lastKnownFileType = image.png; path = status97.png; sourceTree = "<group>"; };
		0D3174571B64C4A600D20B5E /* status98.png */ = {isa = PBXFileReference; lastKnownFileType = image.png; path = status98.png; sourceTree = "<group>"; };
		0D3174581B64C4A600D20B5E /* status99.png */ = {isa = PBXFileReference; lastKnownFileType = image.png; path = status99.png; sourceTree = "<group>"; };
		0D3174591B64C4A600D20B5E /* status100.png */ = {isa = PBXFileReference; lastKnownFileType = image.png; path = status100.png; sourceTree = "<group>"; };
		0D31753B1B64C78800D20B5E /* smallShape1.png */ = {isa = PBXFileReference; lastKnownFileType = image.png; path = smallShape1.png; sourceTree = "<group>"; };
		0D31753C1B64C78800D20B5E /* smallShape2.png */ = {isa = PBXFileReference; lastKnownFileType = image.png; path = smallShape2.png; sourceTree = "<group>"; };
		0D31753D1B64C78800D20B5E /* smallShape3.png */ = {isa = PBXFileReference; lastKnownFileType = image.png; path = smallShape3.png; sourceTree = "<group>"; };
		0D31753E1B64C78800D20B5E /* smallShape4.png */ = {isa = PBXFileReference; lastKnownFileType = image.png; path = smallShape4.png; sourceTree = "<group>"; };
		0D31753F1B64C78800D20B5E /* smallShape5.png */ = {isa = PBXFileReference; lastKnownFileType = image.png; path = smallShape5.png; sourceTree = "<group>"; };
		0D684B381B64C828006F9BAF /* SequencePickerInterfaceController.swift */ = {isa = PBXFileReference; fileEncoding = 4; lastKnownFileType = sourcecode.swift; path = SequencePickerInterfaceController.swift; sourceTree = "<group>"; };
/* End PBXFileReference section */

/* Begin PBXFrameworksBuildPhase section */
		0D3172641B64B0D400D20B5E /* Frameworks */ = {
			isa = PBXFrameworksBuildPhase;
			buildActionMask = 2147483647;
			files = (
			);
			runOnlyForDeploymentPostprocessing = 0;
		};
		0D3172851B64B0D400D20B5E /* Frameworks */ = {
			isa = PBXFrameworksBuildPhase;
			buildActionMask = 2147483647;
			files = (
			);
			runOnlyForDeploymentPostprocessing = 0;
		};
/* End PBXFrameworksBuildPhase section */

/* Begin PBXGroup section */
		0D31725E1B64B0D400D20B5E = {
			isa = PBXGroup;
			children = (
				0D3172691B64B0D400D20B5E /* WatchKit2-Sample-Picker */,
				0D31727D1B64B0D400D20B5E /* WatchKit2-Sample-Picker WatchKit App */,
				0D31728C1B64B0D400D20B5E /* WatchKit2-Sample-Picker WatchKit Extension */,
				0D3172681B64B0D400D20B5E /* Products */,
			);
			sourceTree = "<group>";
		};
		0D3172681B64B0D400D20B5E /* Products */ = {
			isa = PBXGroup;
			children = (
				0D3172671B64B0D400D20B5E /* WatchKit2-Sample-Picker.app */,
				0D3172791B64B0D400D20B5E /* WatchKit2-Sample-Picker WatchKit App.app */,
				0D3172881B64B0D400D20B5E /* WatchKit2-Sample-Picker WatchKit Extension.appex */,
			);
			name = Products;
			sourceTree = "<group>";
		};
		0D3172691B64B0D400D20B5E /* WatchKit2-Sample-Picker */ = {
			isa = PBXGroup;
			children = (
				0D31726A1B64B0D400D20B5E /* AppDelegate.swift */,
				0D31726C1B64B0D400D20B5E /* ViewController.swift */,
				0D31726E1B64B0D400D20B5E /* Main.storyboard */,
				0D3172711B64B0D400D20B5E /* Assets.xcassets */,
				0D3172731B64B0D400D20B5E /* LaunchScreen.storyboard */,
				0D3172761B64B0D400D20B5E /* Info.plist */,
			);
			path = "WatchKit2-Sample-Picker";
			sourceTree = "<group>";
		};
		0D31727D1B64B0D400D20B5E /* WatchKit2-Sample-Picker WatchKit App */ = {
			isa = PBXGroup;
			children = (
				0D3172A11B64B0E100D20B5E /* images */,
				0D31727E1B64B0D400D20B5E /* Interface.storyboard */,
				0D3172811B64B0D400D20B5E /* Assets.xcassets */,
				0D3172831B64B0D400D20B5E /* Info.plist */,
			);
			path = "WatchKit2-Sample-Picker WatchKit App";
			sourceTree = "<group>";
		};
		0D31728C1B64B0D400D20B5E /* WatchKit2-Sample-Picker WatchKit Extension */ = {
			isa = PBXGroup;
			children = (
				0D31728D1B64B0D400D20B5E /* ListPcikerInterfaceController.swift */,
				0D684B381B64C828006F9BAF /* SequencePickerInterfaceController.swift */,
				0D3173E61B64BADD00D20B5E /* StackPickerInterfaceController.swift */,
				0D31728F1B64B0D400D20B5E /* ExtensionDelegate.swift */,
				0D3172911B64B0D400D20B5E /* Assets.xcassets */,
				0D3172931B64B0D400D20B5E /* Info.plist */,
			);
			path = "WatchKit2-Sample-Picker WatchKit Extension";
			sourceTree = "<group>";
		};
		0D3172A11B64B0E100D20B5E /* images */ = {
			isa = PBXGroup;
			children = (
				0D3173EB1B64C06C00D20B5E /* background.png */,
				0D31753B1B64C78800D20B5E /* smallShape1.png */,
				0D31753C1B64C78800D20B5E /* smallShape2.png */,
				0D31753D1B64C78800D20B5E /* smallShape3.png */,
				0D31753E1B64C78800D20B5E /* smallShape4.png */,
				0D31753F1B64C78800D20B5E /* smallShape5.png */,
				0D3173EE1B64C14800D20B5E /* shape1.png */,
				0D3173F11B64C4A600D20B5E /* shape2.png */,
				0D3173F21B64C4A600D20B5E /* shape3.png */,
				0D3173F31B64C4A600D20B5E /* shape4.png */,
				0D3173F41B64C4A600D20B5E /* shape5.png */,
				0D3173F51B64C4A600D20B5E /* status0.png */,
				0D3173F61B64C4A600D20B5E /* status1.png */,
				0D3173F71B64C4A600D20B5E /* status2.png */,
				0D3173F81B64C4A600D20B5E /* status3.png */,
				0D3173F91B64C4A600D20B5E /* status4.png */,
				0D3173FA1B64C4A600D20B5E /* status5.png */,
				0D3173FB1B64C4A600D20B5E /* status6.png */,
				0D3173FC1B64C4A600D20B5E /* status7.png */,
				0D3173FD1B64C4A600D20B5E /* status8.png */,
				0D3173FE1B64C4A600D20B5E /* status9.png */,
				0D3173FF1B64C4A600D20B5E /* status10.png */,
				0D3174001B64C4A600D20B5E /* status11.png */,
				0D3174011B64C4A600D20B5E /* status12.png */,
				0D3174021B64C4A600D20B5E /* status13.png */,
				0D3174031B64C4A600D20B5E /* status14.png */,
				0D3174041B64C4A600D20B5E /* status15.png */,
				0D3174051B64C4A600D20B5E /* status16.png */,
				0D3174061B64C4A600D20B5E /* status17.png */,
				0D3174071B64C4A600D20B5E /* status18.png */,
				0D3174081B64C4A600D20B5E /* status19.png */,
				0D3174091B64C4A600D20B5E /* status20.png */,
				0D31740A1B64C4A600D20B5E /* status21.png */,
				0D31740B1B64C4A600D20B5E /* status22.png */,
				0D31740C1B64C4A600D20B5E /* status23.png */,
				0D31740D1B64C4A600D20B5E /* status24.png */,
				0D31740E1B64C4A600D20B5E /* status25.png */,
				0D31740F1B64C4A600D20B5E /* status26.png */,
				0D3174101B64C4A600D20B5E /* status27.png */,
				0D3174111B64C4A600D20B5E /* status28.png */,
				0D3174121B64C4A600D20B5E /* status29.png */,
				0D3174131B64C4A600D20B5E /* status30.png */,
				0D3174141B64C4A600D20B5E /* status31.png */,
				0D3174151B64C4A600D20B5E /* status32.png */,
				0D3174161B64C4A600D20B5E /* status33.png */,
				0D3174171B64C4A600D20B5E /* status34.png */,
				0D3174181B64C4A600D20B5E /* status35.png */,
				0D3174191B64C4A600D20B5E /* status36.png */,
				0D31741A1B64C4A600D20B5E /* status37.png */,
				0D31741B1B64C4A600D20B5E /* status38.png */,
				0D31741C1B64C4A600D20B5E /* status39.png */,
				0D31741D1B64C4A600D20B5E /* status40.png */,
				0D31741E1B64C4A600D20B5E /* status41.png */,
				0D31741F1B64C4A600D20B5E /* status42.png */,
				0D3174201B64C4A600D20B5E /* status43.png */,
				0D3174211B64C4A600D20B5E /* status44.png */,
				0D3174221B64C4A600D20B5E /* status45.png */,
				0D3174231B64C4A600D20B5E /* status46.png */,
				0D3174241B64C4A600D20B5E /* status47.png */,
				0D3174251B64C4A600D20B5E /* status48.png */,
				0D3174261B64C4A600D20B5E /* status49.png */,
				0D3174271B64C4A600D20B5E /* status50.png */,
				0D3174281B64C4A600D20B5E /* status51.png */,
				0D3174291B64C4A600D20B5E /* status52.png */,
				0D31742A1B64C4A600D20B5E /* status53.png */,
				0D31742B1B64C4A600D20B5E /* status54.png */,
				0D31742C1B64C4A600D20B5E /* status55.png */,
				0D31742D1B64C4A600D20B5E /* status56.png */,
				0D31742E1B64C4A600D20B5E /* status57.png */,
				0D31742F1B64C4A600D20B5E /* status58.png */,
				0D3174301B64C4A600D20B5E /* status59.png */,
				0D3174311B64C4A600D20B5E /* status60.png */,
				0D3174321B64C4A600D20B5E /* status61.png */,
				0D3174331B64C4A600D20B5E /* status62.png */,
				0D3174341B64C4A600D20B5E /* status63.png */,
				0D3174351B64C4A600D20B5E /* status64.png */,
				0D3174361B64C4A600D20B5E /* status65.png */,
				0D3174371B64C4A600D20B5E /* status66.png */,
				0D3174381B64C4A600D20B5E /* status67.png */,
				0D3174391B64C4A600D20B5E /* status68.png */,
				0D31743A1B64C4A600D20B5E /* status69.png */,
				0D31743B1B64C4A600D20B5E /* status70.png */,
				0D31743C1B64C4A600D20B5E /* status71.png */,
				0D31743D1B64C4A600D20B5E /* status72.png */,
				0D31743E1B64C4A600D20B5E /* status73.png */,
				0D31743F1B64C4A600D20B5E /* status74.png */,
				0D3174401B64C4A600D20B5E /* status75.png */,
				0D3174411B64C4A600D20B5E /* status76.png */,
				0D3174421B64C4A600D20B5E /* status77.png */,
				0D3174431B64C4A600D20B5E /* status78.png */,
				0D3174441B64C4A600D20B5E /* status79.png */,
				0D3174451B64C4A600D20B5E /* status80.png */,
				0D3174461B64C4A600D20B5E /* status81.png */,
				0D3174471B64C4A600D20B5E /* status82.png */,
				0D3174481B64C4A600D20B5E /* status83.png */,
				0D3174491B64C4A600D20B5E /* status84.png */,
				0D31744A1B64C4A600D20B5E /* status85.png */,
				0D31744B1B64C4A600D20B5E /* status86.png */,
				0D31744C1B64C4A600D20B5E /* status87.png */,
				0D31744D1B64C4A600D20B5E /* status88.png */,
				0D31744E1B64C4A600D20B5E /* status89.png */,
				0D31744F1B64C4A600D20B5E /* status90.png */,
				0D3174501B64C4A600D20B5E /* status91.png */,
				0D3174511B64C4A600D20B5E /* status92.png */,
				0D3174521B64C4A600D20B5E /* status93.png */,
				0D3174531B64C4A600D20B5E /* status94.png */,
				0D3174541B64C4A600D20B5E /* status95.png */,
				0D3174551B64C4A600D20B5E /* status96.png */,
				0D3174561B64C4A600D20B5E /* status97.png */,
				0D3174571B64C4A600D20B5E /* status98.png */,
				0D3174581B64C4A600D20B5E /* status99.png */,
				0D3174591B64C4A600D20B5E /* status100.png */,
			);
			name = images;
			sourceTree = "<group>";
		};
/* End PBXGroup section */

/* Begin PBXNativeTarget section */
		0D3172661B64B0D400D20B5E /* WatchKit2-Sample-Picker */ = {
			isa = PBXNativeTarget;
			buildConfigurationList = 0D31729E1B64B0D400D20B5E /* Build configuration list for PBXNativeTarget "WatchKit2-Sample-Picker" */;
			buildPhases = (
				0D3172631B64B0D400D20B5E /* Sources */,
				0D3172641B64B0D400D20B5E /* Frameworks */,
				0D3172651B64B0D400D20B5E /* Resources */,
				0D31729D1B64B0D400D20B5E /* Embed Watch Content */,
			);
			buildRules = (
			);
			dependencies = (
				0D31727C1B64B0D400D20B5E /* PBXTargetDependency */,
			);
			name = "WatchKit2-Sample-Picker";
			productName = "WatchKit2-Sample-Picker";
			productReference = 0D3172671B64B0D400D20B5E /* WatchKit2-Sample-Picker.app */;
			productType = "com.apple.product-type.application";
		};
		0D3172781B64B0D400D20B5E /* WatchKit2-Sample-Picker WatchKit App */ = {
			isa = PBXNativeTarget;
			buildConfigurationList = 0D31729A1B64B0D400D20B5E /* Build configuration list for PBXNativeTarget "WatchKit2-Sample-Picker WatchKit App" */;
			buildPhases = (
				0D3172771B64B0D400D20B5E /* Resources */,
				0D3172991B64B0D400D20B5E /* Embed App Extensions */,
			);
			buildRules = (
			);
			dependencies = (
				0D31728B1B64B0D400D20B5E /* PBXTargetDependency */,
			);
			name = "WatchKit2-Sample-Picker WatchKit App";
			productName = "WatchKit2-Sample-Picker WatchKit App";
			productReference = 0D3172791B64B0D400D20B5E /* WatchKit2-Sample-Picker WatchKit App.app */;
			productType = "com.apple.product-type.application.watchapp2";
		};
		0D3172871B64B0D400D20B5E /* WatchKit2-Sample-Picker WatchKit Extension */ = {
			isa = PBXNativeTarget;
			buildConfigurationList = 0D3172961B64B0D400D20B5E /* Build configuration list for PBXNativeTarget "WatchKit2-Sample-Picker WatchKit Extension" */;
			buildPhases = (
				0D3172841B64B0D400D20B5E /* Sources */,
				0D3172851B64B0D400D20B5E /* Frameworks */,
				0D3172861B64B0D400D20B5E /* Resources */,
			);
			buildRules = (
			);
			dependencies = (
			);
			name = "WatchKit2-Sample-Picker WatchKit Extension";
			productName = "WatchKit2-Sample-Picker WatchKit Extension";
			productReference = 0D3172881B64B0D400D20B5E /* WatchKit2-Sample-Picker WatchKit Extension.appex */;
			productType = "com.apple.product-type.watchkit2-extension";
		};
/* End PBXNativeTarget section */

/* Begin PBXProject section */
		0D31725F1B64B0D400D20B5E /* Project object */ = {
			isa = PBXProject;
			attributes = {
				LastSwiftUpdateCheck = 0710;
				LastUpgradeCheck = 0700;
				ORGANIZATIONNAME = XuQing1001;
				TargetAttributes = {
					0D3172661B64B0D400D20B5E = {
						CreatedOnToolsVersion = 7.0;
					};
					0D3172781B64B0D400D20B5E = {
						CreatedOnToolsVersion = 7.0;
					};
					0D3172871B64B0D400D20B5E = {
						CreatedOnToolsVersion = 7.0;
					};
				};
			};
			buildConfigurationList = 0D3172621B64B0D400D20B5E /* Build configuration list for PBXProject "WatchKit2-Sample-Picker" */;
			compatibilityVersion = "Xcode 3.2";
			developmentRegion = English;
			hasScannedForEncodings = 0;
			knownRegions = (
				en,
				Base,
			);
			mainGroup = 0D31725E1B64B0D400D20B5E;
			productRefGroup = 0D3172681B64B0D400D20B5E /* Products */;
			projectDirPath = "";
			projectRoot = "";
			targets = (
				0D3172661B64B0D400D20B5E /* WatchKit2-Sample-Picker */,
				0D3172781B64B0D400D20B5E /* WatchKit2-Sample-Picker WatchKit App */,
				0D3172871B64B0D400D20B5E /* WatchKit2-Sample-Picker WatchKit Extension */,
			);
		};
/* End PBXProject section */

/* Begin PBXResourcesBuildPhase section */
		0D3172651B64B0D400D20B5E /* Resources */ = {
			isa = PBXResourcesBuildPhase;
			buildActionMask = 2147483647;
			files = (
				0D3172751B64B0D400D20B5E /* LaunchScreen.storyboard in Resources */,
				0D3172721B64B0D400D20B5E /* Assets.xcassets in Resources */,
				0D3172701B64B0D400D20B5E /* Main.storyboard in Resources */,
			);
			runOnlyForDeploymentPostprocessing = 0;
		};
		0D3172771B64B0D400D20B5E /* Resources */ = {
			isa = PBXResourcesBuildPhase;
			buildActionMask = 2147483647;
			files = (
				0D3174FA1B64C4A600D20B5E /* status76.png in Resources */,
				0D3175241B64C4A600D20B5E /* status97.png in Resources */,
				0D3174DE1B64C4A600D20B5E /* status62.png in Resources */,
				0D3174B61B64C4A600D20B5E /* status42.png in Resources */,
				0D3174941B64C4A600D20B5E /* status25.png in Resources */,
				0D3174F81B64C4A600D20B5E /* status75.png in Resources */,
				0D3175181B64C4A600D20B5E /* status91.png in Resources */,
				0D3174F61B64C4A600D20B5E /* status74.png in Resources */,
				0D31748C1B64C4A600D20B5E /* status21.png in Resources */,
				0D3175481B64C78800D20B5E /* smallShape5.png in Resources */,
				0D3174D41B64C4A600D20B5E /* status57.png in Resources */,
				0D31745A1B64C4A600D20B5E /* shape2.png in Resources */,
				0D3174761B64C4A600D20B5E /* status10.png in Resources */,
				0D3174D21B64C4A600D20B5E /* status56.png in Resources */,
				0D3173EF1B64C14800D20B5E /* shape1.png in Resources */,
				0D3174C01B64C4A600D20B5E /* status47.png in Resources */,
				0D3175441B64C78800D20B5E /* smallShape3.png in Resources */,
				0D31748A1B64C4A600D20B5E /* status20.png in Resources */,
				0D3175221B64C4A600D20B5E /* status96.png in Resources */,
				0D3174EA1B64C4A600D20B5E /* status68.png in Resources */,
				0D3172821B64B0D400D20B5E /* Assets.xcassets in Resources */,
				0D31750C1B64C4A600D20B5E /* status85.png in Resources */,
				0D3174E01B64C4A600D20B5E /* status63.png in Resources */,
				0D3175101B64C4A600D20B5E /* status87.png in Resources */,
				0D3174601B64C4A600D20B5E /* shape5.png in Resources */,
				0D3174FE1B64C4A600D20B5E /* status78.png in Resources */,
				0D31750E1B64C4A600D20B5E /* status86.png in Resources */,
				0D3175001B64C4A600D20B5E /* status79.png in Resources */,
				0D3174841B64C4A600D20B5E /* status17.png in Resources */,
				0D3174901B64C4A600D20B5E /* status23.png in Resources */,
				0D3174CE1B64C4A600D20B5E /* status54.png in Resources */,
				0D3174EC1B64C4A600D20B5E /* status69.png in Resources */,
				0D3174F41B64C4A600D20B5E /* status73.png in Resources */,
				0D3174D01B64C4A600D20B5E /* status55.png in Resources */,
				0D3174781B64C4A600D20B5E /* status11.png in Resources */,
				0D3175141B64C4A600D20B5E /* status89.png in Resources */,
				0D3175121B64C4A600D20B5E /* status88.png in Resources */,
				0D3174D81B64C4A600D20B5E /* status59.png in Resources */,
				0D3174E81B64C4A600D20B5E /* status67.png in Resources */,
				0D3174BC1B64C4A600D20B5E /* status45.png in Resources */,
				0D3175041B64C4A600D20B5E /* status81.png in Resources */,
				0D31745C1B64C4A600D20B5E /* shape3.png in Resources */,
				0D31752A1B64C4A600D20B5E /* status100.png in Resources */,
				0D3174FC1B64C4A600D20B5E /* status77.png in Resources */,
				0D3174981B64C4A600D20B5E /* status27.png in Resources */,
				0D3174681B64C4A600D20B5E /* status3.png in Resources */,
				0D3174C61B64C4A600D20B5E /* status50.png in Resources */,
				0D3175401B64C78800D20B5E /* smallShape1.png in Resources */,
				0D3174921B64C4A600D20B5E /* status24.png in Resources */,
				0D3174B01B64C4A600D20B5E /* status39.png in Resources */,
				0D3174A01B64C4A600D20B5E /* status31.png in Resources */,
				0D3174B81B64C4A600D20B5E /* status43.png in Resources */,
				0D3174881B64C4A600D20B5E /* status19.png in Resources */,
				0D3174961B64C4A600D20B5E /* status26.png in Resources */,
				0D3172801B64B0D400D20B5E /* Interface.storyboard in Resources */,
				0D31749E1B64C4A600D20B5E /* status30.png in Resources */,
				0D3175061B64C4A600D20B5E /* status82.png in Resources */,
				0D31751C1B64C4A600D20B5E /* status93.png in Resources */,
				0D3174BA1B64C4A600D20B5E /* status44.png in Resources */,
				0D3175421B64C78800D20B5E /* smallShape2.png in Resources */,
				0D3175021B64C4A600D20B5E /* status80.png in Resources */,
				0D3174EE1B64C4A600D20B5E /* status70.png in Resources */,
				0D3175261B64C4A600D20B5E /* status98.png in Resources */,
				0D3174801B64C4A600D20B5E /* status15.png in Resources */,
				0D3174F21B64C4A600D20B5E /* status72.png in Resources */,
				0D3175201B64C4A600D20B5E /* status95.png in Resources */,
				0D3175081B64C4A600D20B5E /* status83.png in Resources */,
				0D3174A61B64C4A600D20B5E /* status34.png in Resources */,
				0D3175161B64C4A600D20B5E /* status90.png in Resources */,
				0D3174E21B64C4A600D20B5E /* status64.png in Resources */,
				0D31751E1B64C4A600D20B5E /* status94.png in Resources */,
				0D31751A1B64C4A600D20B5E /* status92.png in Resources */,
				0D3174A41B64C4A600D20B5E /* status33.png in Resources */,
				0D31747A1B64C4A600D20B5E /* status12.png in Resources */,
				0D3174CA1B64C4A600D20B5E /* status52.png in Resources */,
				0D31749C1B64C4A600D20B5E /* status29.png in Resources */,
				0D3174861B64C4A600D20B5E /* status18.png in Resources */,
				0D3174B21B64C4A600D20B5E /* status40.png in Resources */,
				0D31748E1B64C4A600D20B5E /* status22.png in Resources */,
				0D3174AE1B64C4A600D20B5E /* status38.png in Resources */,
				0D3174E61B64C4A600D20B5E /* status66.png in Resources */,
				0D3175461B64C78800D20B5E /* smallShape4.png in Resources */,
				0D3174B41B64C4A600D20B5E /* status41.png in Resources */,
				0D31750A1B64C4A600D20B5E /* status84.png in Resources */,
				0D3173EC1B64C06C00D20B5E /* background.png in Resources */,
				0D31745E1B64C4A600D20B5E /* shape4.png in Resources */,
				0D3174C41B64C4A600D20B5E /* status49.png in Resources */,
				0D3174701B64C4A600D20B5E /* status7.png in Resources */,
				0D3174C21B64C4A600D20B5E /* status48.png in Resources */,
				0D3174DA1B64C4A600D20B5E /* status60.png in Resources */,
				0D3174AA1B64C4A600D20B5E /* status36.png in Resources */,
				0D31746C1B64C4A600D20B5E /* status5.png in Resources */,
				0D3174A81B64C4A600D20B5E /* status35.png in Resources */,
				0D3174C81B64C4A600D20B5E /* status51.png in Resources */,
				0D3174721B64C4A600D20B5E /* status8.png in Resources */,
				0D31747C1B64C4A600D20B5E /* status13.png in Resources */,
				0D3174621B64C4A600D20B5E /* status0.png in Resources */,
				0D3174641B64C4A600D20B5E /* status1.png in Resources */,
				0D3174E41B64C4A600D20B5E /* status65.png in Resources */,
				0D3175281B64C4A600D20B5E /* status99.png in Resources */,
				0D3174A21B64C4A600D20B5E /* status32.png in Resources */,
				0D31746A1B64C4A600D20B5E /* status4.png in Resources */,
				0D3174821B64C4A600D20B5E /* status16.png in Resources */,
				0D3174DC1B64C4A600D20B5E /* status61.png in Resources */,
				0D31749A1B64C4A600D20B5E /* status28.png in Resources */,
				0D3174CC1B64C4A600D20B5E /* status53.png in Resources */,
				0D3174661B64C4A600D20B5E /* status2.png in Resources */,
				0D3174BE1B64C4A600D20B5E /* status46.png in Resources */,
				0D31747E1B64C4A600D20B5E /* status14.png in Resources */,
				0D3174F01B64C4A600D20B5E /* status71.png in Resources */,
				0D31746E1B64C4A600D20B5E /* status6.png in Resources */,
				0D3174D61B64C4A600D20B5E /* status58.png in Resources */,
				0D3174741B64C4A600D20B5E /* status9.png in Resources */,
				0D3174AC1B64C4A600D20B5E /* status37.png in Resources */,
			);
			runOnlyForDeploymentPostprocessing = 0;
		};
		0D3172861B64B0D400D20B5E /* Resources */ = {
			isa = PBXResourcesBuildPhase;
			buildActionMask = 2147483647;
			files = (
				0D31751F1B64C4A600D20B5E /* status94.png in Resources */,
				0D3174FD1B64C4A600D20B5E /* status77.png in Resources */,
				0D3174B91B64C4A600D20B5E /* status43.png in Resources */,
				0D3174EB1B64C4A600D20B5E /* status68.png in Resources */,
				0D3174A31B64C4A600D20B5E /* status32.png in Resources */,
				0D31745D1B64C4A600D20B5E /* shape3.png in Resources */,
				0D3175051B64C4A600D20B5E /* status81.png in Resources */,
				0D3174791B64C4A600D20B5E /* status11.png in Resources */,
				0D31745B1B64C4A600D20B5E /* shape2.png in Resources */,
				0D3174EF1B64C4A600D20B5E /* status70.png in Resources */,
				0D3174AB1B64C4A600D20B5E /* status36.png in Resources */,
				0D3174911B64C4A600D20B5E /* status23.png in Resources */,
				0D3174E71B64C4A600D20B5E /* status66.png in Resources */,
				0D3175031B64C4A600D20B5E /* status80.png in Resources */,
				0D3174751B64C4A600D20B5E /* status9.png in Resources */,
				0D3174E51B64C4A600D20B5E /* status65.png in Resources */,
				0D31746B1B64C4A600D20B5E /* status4.png in Resources */,
				0D3174A11B64C4A600D20B5E /* status31.png in Resources */,
				0D3174B51B64C4A600D20B5E /* status41.png in Resources */,
				0D3175151B64C4A600D20B5E /* status89.png in Resources */,
				0D3174851B64C4A600D20B5E /* status17.png in Resources */,
				0D3175091B64C4A600D20B5E /* status83.png in Resources */,
				0D3175111B64C4A600D20B5E /* status87.png in Resources */,
				0D3174A51B64C4A600D20B5E /* status33.png in Resources */,
				0D3174871B64C4A600D20B5E /* status18.png in Resources */,
				0D3174D31B64C4A600D20B5E /* status56.png in Resources */,
				0D31750B1B64C4A600D20B5E /* status84.png in Resources */,
				0D3174631B64C4A600D20B5E /* status0.png in Resources */,
				0D3174BD1B64C4A600D20B5E /* status45.png in Resources */,
				0D3174DB1B64C4A600D20B5E /* status60.png in Resources */,
				0D3174D91B64C4A600D20B5E /* status59.png in Resources */,
				0D3175191B64C4A600D20B5E /* status91.png in Resources */,
				0D3175011B64C4A600D20B5E /* status79.png in Resources */,
				0D3174931B64C4A600D20B5E /* status24.png in Resources */,
				0D3175431B64C78800D20B5E /* smallShape2.png in Resources */,
				0D31751D1B64C4A600D20B5E /* status93.png in Resources */,
				0D3174B71B64C4A600D20B5E /* status42.png in Resources */,
				0D3174E31B64C4A600D20B5E /* status64.png in Resources */,
				0D3174DD1B64C4A600D20B5E /* status61.png in Resources */,
				0D3174CD1B64C4A600D20B5E /* status53.png in Resources */,
				0D3174C91B64C4A600D20B5E /* status51.png in Resources */,
				0D3174ED1B64C4A600D20B5E /* status69.png in Resources */,
				0D3174C71B64C4A600D20B5E /* status50.png in Resources */,
				0D3174A91B64C4A600D20B5E /* status35.png in Resources */,
				0D31745F1B64C4A600D20B5E /* shape4.png in Resources */,
				0D3174E91B64C4A600D20B5E /* status67.png in Resources */,
				0D3174BB1B64C4A600D20B5E /* status44.png in Resources */,
				0D3175271B64C4A600D20B5E /* status98.png in Resources */,
				0D31748D1B64C4A600D20B5E /* status21.png in Resources */,
				0D3174F71B64C4A600D20B5E /* status74.png in Resources */,
				0D3173ED1B64C06C00D20B5E /* background.png in Resources */,
				0D3174C31B64C4A600D20B5E /* status48.png in Resources */,
				0D3175411B64C78800D20B5E /* smallShape1.png in Resources */,
				0D3174AF1B64C4A600D20B5E /* status38.png in Resources */,
				0D3174651B64C4A600D20B5E /* status1.png in Resources */,
				0D3173F01B64C14800D20B5E /* shape1.png in Resources */,
				0D3174891B64C4A600D20B5E /* status19.png in Resources */,
				0D3174DF1B64C4A600D20B5E /* status62.png in Resources */,
				0D3175131B64C4A600D20B5E /* status88.png in Resources */,
				0D3174CB1B64C4A600D20B5E /* status52.png in Resources */,
				0D31749D1B64C4A600D20B5E /* status29.png in Resources */,
				0D3175231B64C4A600D20B5E /* status96.png in Resources */,
				0D31747F1B64C4A600D20B5E /* status14.png in Resources */,
				0D3175251B64C4A600D20B5E /* status97.png in Resources */,
				0D3174971B64C4A600D20B5E /* status26.png in Resources */,
				0D3174FB1B64C4A600D20B5E /* status76.png in Resources */,
				0D31748F1B64C4A600D20B5E /* status22.png in Resources */,
				0D31749F1B64C4A600D20B5E /* status30.png in Resources */,
				0D3174A71B64C4A600D20B5E /* status34.png in Resources */,
				0D3174951B64C4A600D20B5E /* status25.png in Resources */,
				0D31747B1B64C4A600D20B5E /* status12.png in Resources */,
				0D31749B1B64C4A600D20B5E /* status28.png in Resources */,
				0D3174D71B64C4A600D20B5E /* status58.png in Resources */,
				0D3174AD1B64C4A600D20B5E /* status37.png in Resources */,
				0D3174CF1B64C4A600D20B5E /* status54.png in Resources */,
				0D3174F91B64C4A600D20B5E /* status75.png in Resources */,
				0D3174711B64C4A600D20B5E /* status7.png in Resources */,
				0D3174D51B64C4A600D20B5E /* status57.png in Resources */,
				0D3175211B64C4A600D20B5E /* status95.png in Resources */,
				0D3174C51B64C4A600D20B5E /* status49.png in Resources */,
				0D31747D1B64C4A600D20B5E /* status13.png in Resources */,
				0D3174FF1B64C4A600D20B5E /* status78.png in Resources */,
				0D3174F31B64C4A600D20B5E /* status72.png in Resources */,
				0D31752B1B64C4A600D20B5E /* status100.png in Resources */,
				0D3175171B64C4A600D20B5E /* status90.png in Resources */,
				0D3174BF1B64C4A600D20B5E /* status46.png in Resources */,
				0D3174611B64C4A600D20B5E /* shape5.png in Resources */,
				0D31750F1B64C4A600D20B5E /* status86.png in Resources */,
				0D3174731B64C4A600D20B5E /* status8.png in Resources */,
				0D3174991B64C4A600D20B5E /* status27.png in Resources */,
				0D3174B11B64C4A600D20B5E /* status39.png in Resources */,
				0D3174F51B64C4A600D20B5E /* status73.png in Resources */,
				0D3175071B64C4A600D20B5E /* status82.png in Resources */,
				0D3174811B64C4A600D20B5E /* status15.png in Resources */,
				0D3174C11B64C4A600D20B5E /* status47.png in Resources */,
				0D3174B31B64C4A600D20B5E /* status40.png in Resources */,
				0D3175471B64C78800D20B5E /* smallShape4.png in Resources */,
				0D31750D1B64C4A600D20B5E /* status85.png in Resources */,
				0D3175291B64C4A600D20B5E /* status99.png in Resources */,
				0D3174771B64C4A600D20B5E /* status10.png in Resources */,
				0D3174831B64C4A600D20B5E /* status16.png in Resources */,
				0D31751B1B64C4A600D20B5E /* status92.png in Resources */,
				0D3174E11B64C4A600D20B5E /* status63.png in Resources */,
				0D31746D1B64C4A600D20B5E /* status5.png in Resources */,
				0D3174D11B64C4A600D20B5E /* status55.png in Resources */,
				0D3174691B64C4A600D20B5E /* status3.png in Resources */,
				0D3174671B64C4A600D20B5E /* status2.png in Resources */,
				0D3174F11B64C4A600D20B5E /* status71.png in Resources */,
				0D3175491B64C78800D20B5E /* smallShape5.png in Resources */,
				0D31748B1B64C4A600D20B5E /* status20.png in Resources */,
				0D3175451B64C78800D20B5E /* smallShape3.png in Resources */,
				0D31746F1B64C4A600D20B5E /* status6.png in Resources */,
				0D3172921B64B0D400D20B5E /* Assets.xcassets in Resources */,
			);
			runOnlyForDeploymentPostprocessing = 0;
		};
/* End PBXResourcesBuildPhase section */

/* Begin PBXSourcesBuildPhase section */
		0D3172631B64B0D400D20B5E /* Sources */ = {
			isa = PBXSourcesBuildPhase;
			buildActionMask = 2147483647;
			files = (
				0D31726D1B64B0D400D20B5E /* ViewController.swift in Sources */,
				0D31726B1B64B0D400D20B5E /* AppDelegate.swift in Sources */,
			);
			runOnlyForDeploymentPostprocessing = 0;
		};
		0D3172841B64B0D400D20B5E /* Sources */ = {
			isa = PBXSourcesBuildPhase;
			buildActionMask = 2147483647;
			files = (
				0D3172901B64B0D400D20B5E /* ExtensionDelegate.swift in Sources */,
				0D3173E71B64BADD00D20B5E /* StackPickerInterfaceController.swift in Sources */,
				0D684B391B64C828006F9BAF /* SequencePickerInterfaceController.swift in Sources */,
				0D31728E1B64B0D400D20B5E /* ListPcikerInterfaceController.swift in Sources */,
			);
			runOnlyForDeploymentPostprocessing = 0;
		};
/* End PBXSourcesBuildPhase section */

/* Begin PBXTargetDependency section */
		0D31727C1B64B0D400D20B5E /* PBXTargetDependency */ = {
			isa = PBXTargetDependency;
			target = 0D3172781B64B0D400D20B5E /* WatchKit2-Sample-Picker WatchKit App */;
			targetProxy = 0D31727B1B64B0D400D20B5E /* PBXContainerItemProxy */;
		};
		0D31728B1B64B0D400D20B5E /* PBXTargetDependency */ = {
			isa = PBXTargetDependency;
			target = 0D3172871B64B0D400D20B5E /* WatchKit2-Sample-Picker WatchKit Extension */;
			targetProxy = 0D31728A1B64B0D400D20B5E /* PBXContainerItemProxy */;
		};
/* End PBXTargetDependency section */

/* Begin PBXVariantGroup section */
		0D31726E1B64B0D400D20B5E /* Main.storyboard */ = {
			isa = PBXVariantGroup;
			children = (
				0D31726F1B64B0D400D20B5E /* Base */,
			);
			name = Main.storyboard;
			sourceTree = "<group>";
		};
		0D3172731B64B0D400D20B5E /* LaunchScreen.storyboard */ = {
			isa = PBXVariantGroup;
			children = (
				0D3172741B64B0D400D20B5E /* Base */,
			);
			name = LaunchScreen.storyboard;
			sourceTree = "<group>";
		};
		0D31727E1B64B0D400D20B5E /* Interface.storyboard */ = {
			isa = PBXVariantGroup;
			children = (
				0D31727F1B64B0D400D20B5E /* Base */,
			);
			name = Interface.storyboard;
			sourceTree = "<group>";
		};
/* End PBXVariantGroup section */

/* Begin XCBuildConfiguration section */
		0D3172941B64B0D400D20B5E /* Debug */ = {
			isa = XCBuildConfiguration;
			buildSettings = {
				ALWAYS_SEARCH_USER_PATHS = NO;
				CLANG_CXX_LANGUAGE_STANDARD = "gnu++0x";
				CLANG_CXX_LIBRARY = "libc++";
				CLANG_ENABLE_MODULES = YES;
				CLANG_ENABLE_OBJC_ARC = YES;
				CLANG_WARN_BOOL_CONVERSION = YES;
				CLANG_WARN_CONSTANT_CONVERSION = YES;
				CLANG_WARN_DIRECT_OBJC_ISA_USAGE = YES_ERROR;
				CLANG_WARN_EMPTY_BODY = YES;
				CLANG_WARN_ENUM_CONVERSION = YES;
				CLANG_WARN_INT_CONVERSION = YES;
				CLANG_WARN_OBJC_ROOT_CLASS = YES_ERROR;
				CLANG_WARN_UNREACHABLE_CODE = YES;
				CLANG_WARN__DUPLICATE_METHOD_MATCH = YES;
				"CODE_SIGN_IDENTITY[sdk=iphoneos*]" = "iPhone Developer";
				COPY_PHASE_STRIP = NO;
				DEBUG_INFORMATION_FORMAT = dwarf;
				ENABLE_STRICT_OBJC_MSGSEND = YES;
				ENABLE_TESTABILITY = YES;
				GCC_C_LANGUAGE_STANDARD = gnu99;
				GCC_DYNAMIC_NO_PIC = NO;
				GCC_NO_COMMON_BLOCKS = YES;
				GCC_OPTIMIZATION_LEVEL = 0;
				GCC_PREPROCESSOR_DEFINITIONS = (
					"DEBUG=1",
					"$(inherited)",
				);
				GCC_WARN_64_TO_32_BIT_CONVERSION = YES;
				GCC_WARN_ABOUT_RETURN_TYPE = YES_ERROR;
				GCC_WARN_UNDECLARED_SELECTOR = YES;
				GCC_WARN_UNINITIALIZED_AUTOS = YES_AGGRESSIVE;
				GCC_WARN_UNUSED_FUNCTION = YES;
				GCC_WARN_UNUSED_VARIABLE = YES;
				IPHONEOS_DEPLOYMENT_TARGET = 9.0;
				MTL_ENABLE_DEBUG_INFO = YES;
				ONLY_ACTIVE_ARCH = YES;
				SDKROOT = iphoneos;
				SWIFT_OPTIMIZATION_LEVEL = "-Onone";
				TARGETED_DEVICE_FAMILY = "1,2";
			};
			name = Debug;
		};
		0D3172951B64B0D400D20B5E /* Release */ = {
			isa = XCBuildConfiguration;
			buildSettings = {
				ALWAYS_SEARCH_USER_PATHS = NO;
				CLANG_CXX_LANGUAGE_STANDARD = "gnu++0x";
				CLANG_CXX_LIBRARY = "libc++";
				CLANG_ENABLE_MODULES = YES;
				CLANG_ENABLE_OBJC_ARC = YES;
				CLANG_WARN_BOOL_CONVERSION = YES;
				CLANG_WARN_CONSTANT_CONVERSION = YES;
				CLANG_WARN_DIRECT_OBJC_ISA_USAGE = YES_ERROR;
				CLANG_WARN_EMPTY_BODY = YES;
				CLANG_WARN_ENUM_CONVERSION = YES;
				CLANG_WARN_INT_CONVERSION = YES;
				CLANG_WARN_OBJC_ROOT_CLASS = YES_ERROR;
				CLANG_WARN_UNREACHABLE_CODE = YES;
				CLANG_WARN__DUPLICATE_METHOD_MATCH = YES;
				"CODE_SIGN_IDENTITY[sdk=iphoneos*]" = "iPhone Developer";
				COPY_PHASE_STRIP = NO;
				DEBUG_INFORMATION_FORMAT = "dwarf-with-dsym";
				ENABLE_NS_ASSERTIONS = NO;
				ENABLE_STRICT_OBJC_MSGSEND = YES;
				GCC_C_LANGUAGE_STANDARD = gnu99;
				GCC_NO_COMMON_BLOCKS = YES;
				GCC_WARN_64_TO_32_BIT_CONVERSION = YES;
				GCC_WARN_ABOUT_RETURN_TYPE = YES_ERROR;
				GCC_WARN_UNDECLARED_SELECTOR = YES;
				GCC_WARN_UNINITIALIZED_AUTOS = YES_AGGRESSIVE;
				GCC_WARN_UNUSED_FUNCTION = YES;
				GCC_WARN_UNUSED_VARIABLE = YES;
				IPHONEOS_DEPLOYMENT_TARGET = 9.0;
				MTL_ENABLE_DEBUG_INFO = NO;
				SDKROOT = iphoneos;
				TARGETED_DEVICE_FAMILY = "1,2";
				VALIDATE_PRODUCT = YES;
			};
			name = Release;
		};
		0D3172971B64B0D400D20B5E /* Debug */ = {
			isa = XCBuildConfiguration;
			buildSettings = {
				INFOPLIST_FILE = "WatchKit2-Sample-Picker WatchKit Extension/Info.plist";
				LD_RUNPATH_SEARCH_PATHS = "$(inherited) @executable_path/Frameworks @executable_path/../../Frameworks";
				PRODUCT_BUNDLE_IDENTIFIER = "XuQing1001.WatchKit2-Sample-Picker.watchkitapp.watchkitextension";
				PRODUCT_NAME = "${TARGET_NAME}";
				SDKROOT = watchos;
				SKIP_INSTALL = YES;
				TARGETED_DEVICE_FAMILY = 4;
				WATCHOS_DEPLOYMENT_TARGET = 2.0;
			};
			name = Debug;
		};
		0D3172981B64B0D400D20B5E /* Release */ = {
			isa = XCBuildConfiguration;
			buildSettings = {
				INFOPLIST_FILE = "WatchKit2-Sample-Picker WatchKit Extension/Info.plist";
				LD_RUNPATH_SEARCH_PATHS = "$(inherited) @executable_path/Frameworks @executable_path/../../Frameworks";
				PRODUCT_BUNDLE_IDENTIFIER = "XuQing1001.WatchKit2-Sample-Picker.watchkitapp.watchkitextension";
				PRODUCT_NAME = "${TARGET_NAME}";
				SDKROOT = watchos;
				SKIP_INSTALL = YES;
				TARGETED_DEVICE_FAMILY = 4;
				WATCHOS_DEPLOYMENT_TARGET = 2.0;
			};
			name = Release;
		};
		0D31729B1B64B0D400D20B5E /* Debug */ = {
			isa = XCBuildConfiguration;
			buildSettings = {
				ASSETCATALOG_COMPILER_APPICON_NAME = AppIcon;
				EMBEDDED_CONTENT_CONTAINS_SWIFT = YES;
				IBSC_MODULE = WatchKit2_Sample_Picker_WatchKit_Extension;
				INFOPLIST_FILE = "WatchKit2-Sample-Picker WatchKit App/Info.plist";
				PRODUCT_BUNDLE_IDENTIFIER = "XuQing1001.WatchKit2-Sample-Picker.watchkitapp";
				PRODUCT_NAME = "$(TARGET_NAME)";
				SDKROOT = watchos;
				SKIP_INSTALL = YES;
				TARGETED_DEVICE_FAMILY = 4;
				WATCHOS_DEPLOYMENT_TARGET = 2.0;
			};
			name = Debug;
		};
		0D31729C1B64B0D400D20B5E /* Release */ = {
			isa = XCBuildConfiguration;
			buildSettings = {
				ASSETCATALOG_COMPILER_APPICON_NAME = AppIcon;
				EMBEDDED_CONTENT_CONTAINS_SWIFT = YES;
				IBSC_MODULE = WatchKit2_Sample_Picker_WatchKit_Extension;
				INFOPLIST_FILE = "WatchKit2-Sample-Picker WatchKit App/Info.plist";
				PRODUCT_BUNDLE_IDENTIFIER = "XuQing1001.WatchKit2-Sample-Picker.watchkitapp";
				PRODUCT_NAME = "$(TARGET_NAME)";
				SDKROOT = watchos;
				SKIP_INSTALL = YES;
				TARGETED_DEVICE_FAMILY = 4;
				WATCHOS_DEPLOYMENT_TARGET = 2.0;
			};
			name = Release;
		};
		0D31729F1B64B0D400D20B5E /* Debug */ = {
			isa = XCBuildConfiguration;
			buildSettings = {
				ASSETCATALOG_COMPILER_APPICON_NAME = AppIcon;
				INFOPLIST_FILE = "WatchKit2-Sample-Picker/Info.plist";
				LD_RUNPATH_SEARCH_PATHS = "$(inherited) @executable_path/Frameworks";
				PRODUCT_BUNDLE_IDENTIFIER = "XuQing1001.WatchKit2-Sample-Picker";
				PRODUCT_NAME = "$(TARGET_NAME)";
			};
			name = Debug;
		};
		0D3172A01B64B0D400D20B5E /* Release */ = {
			isa = XCBuildConfiguration;
			buildSettings = {
				ASSETCATALOG_COMPILER_APPICON_NAME = AppIcon;
				INFOPLIST_FILE = "WatchKit2-Sample-Picker/Info.plist";
				LD_RUNPATH_SEARCH_PATHS = "$(inherited) @executable_path/Frameworks";
				PRODUCT_BUNDLE_IDENTIFIER = "XuQing1001.WatchKit2-Sample-Picker";
				PRODUCT_NAME = "$(TARGET_NAME)";
			};
			name = Release;
		};
/* End XCBuildConfiguration section */

/* Begin XCConfigurationList section */
		0D3172621B64B0D400D20B5E /* Build configuration list for PBXProject "WatchKit2-Sample-Picker" */ = {
			isa = XCConfigurationList;
			buildConfigurations = (
				0D3172941B64B0D400D20B5E /* Debug */,
				0D3172951B64B0D400D20B5E /* Release */,
			);
			defaultConfigurationIsVisible = 0;
			defaultConfigurationName = Release;
		};
		0D3172961B64B0D400D20B5E /* Build configuration list for PBXNativeTarget "WatchKit2-Sample-Picker WatchKit Extension" */ = {
			isa = XCConfigurationList;
			buildConfigurations = (
				0D3172971B64B0D400D20B5E /* Debug */,
				0D3172981B64B0D400D20B5E /* Release */,
			);
			defaultConfigurationIsVisible = 0;
			defaultConfigurationName = Release;
		};
		0D31729A1B64B0D400D20B5E /* Build configuration list for PBXNativeTarget "WatchKit2-Sample-Picker WatchKit App" */ = {
			isa = XCConfigurationList;
			buildConfigurations = (
				0D31729B1B64B0D400D20B5E /* Debug */,
				0D31729C1B64B0D400D20B5E /* Release */,
			);
			defaultConfigurationIsVisible = 0;
			defaultConfigurationName = Release;
		};
		0D31729E1B64B0D400D20B5E /* Build configuration list for PBXNativeTarget "WatchKit2-Sample-Picker" */ = {
			isa = XCConfigurationList;
			buildConfigurations = (
				0D31729F1B64B0D400D20B5E /* Debug */,
				0D3172A01B64B0D400D20B5E /* Release */,
			);
			defaultConfigurationIsVisible = 0;
			defaultConfigurationName = Release;
		};
/* End XCConfigurationList section */
	};
	rootObject = 0D31725F1B64B0D400D20B5E /* Project object */;
}
